// !$*UTF8*$!
{
	archiveVersion = 1;
	classes = {
	};
	objectVersion = 46;
	objects = {
		A011FAD53010E7D3CA965DA0 = {
			isa = PBXBuildFile;
			fileRef = AD7A057AC78FFA702B3CF0F9;
		};
		3CEA56B9966F6D4BBC492E32 = {
			isa = PBXBuildFile;
			fileRef = B4110B448909A0CBB8507981;
		};
		5A3CB7267E1D7453C387A963 = {
			isa = PBXBuildFile;
			fileRef = FDF7421DD60A4688CE36BCC7;
		};
		71AC17BA6AD04358721829AF = {
			isa = PBXBuildFile;
			fileRef = 38814151805BF1452F2312B9;
		};
		A51941BF3830DC21CB7E75D2 = {
			isa = PBXBuildFile;
			fileRef = 51412AF4A6D0D70FA82E4F98;
		};
		651FAF67FB572213AE3BD620 = {
			isa = PBXBuildFile;
			fileRef = FC5F447367DD7463D8FFAE04;
		};
		7FEF0B7D3EA4CE9BE5346E03 = {
			isa = PBXBuildFile;
			fileRef = EC3544BA76825C95C5EC7AD6;
		};
		29C7D75C3BE5E2DA018DE842 = {
			isa = PBXBuildFile;
			fileRef = FC7EDB41CB8211FDF92EF5B0;
		};
		90DFB13386F2A3F6E1533CF1 = {
			isa = PBXBuildFile;
			fileRef = 8589648D93C8345F2FD04F49;
		};
		94E0A3357B4BBF156B1BB6B4 = {
			isa = PBXBuildFile;
			fileRef = 7CAABE2C893D7AB768A35CAB;
		};
		776D77BA4677888F36DC5819 = {
			isa = PBXBuildFile;
			fileRef = 78E56E12DA8B8A75736D9C25;
		};
		B44651DD02E87EFFBCE8633E = {
			isa = PBXBuildFile;
			fileRef = 088963253D46002921966842;
		};
		831DC1502ADF6EADFB45FC25 = {
			isa = PBXBuildFile;
			fileRef = 6E80658D11924E7D0A31BA66;
		};
		39E8203E70074A8C1CB7B31A = {
			isa = PBXBuildFile;
			fileRef = BBF02D87C884B62B25895DF8;
		};
		8BCE75FCF37FE5DCADCEAA5E = {
			isa = PBXBuildFile;
			fileRef = B02D2EF55D66663BC41B4FA8;
		};
		A3700AEB6D70FFA16CCB601E = {
			isa = PBXBuildFile;
			fileRef = 12427A77E89B91CB314E9744;
		};
		A3A2676B967DAAD28297051C = {
			isa = PBXBuildFile;
			fileRef = B8E82BD998C430F7C7A15623;
		};
		FBE65C7533FFC09E41E4D575 = {
			isa = PBXBuildFile;
			fileRef = FBA15CD62C261CDB99908D88;
		};
		8E4F9DE23B783A330715C48F = {
			isa = PBXBuildFile;
			fileRef = 22ED336C7A5ED893015A5E34;
		};
		C616A48C2937C5BD32F07B80 = {
			isa = PBXBuildFile;
			fileRef = EECD543455E666C00A5FBBC0;
		};
		F16D6122403F7F63A91E1ECD = {
			isa = PBXBuildFile;
			fileRef = 924801EC9B08DD8A88338AB0;
		};
		BC989962E6A11006FF29B734 = {
			isa = PBXBuildFile;
			fileRef = 032AF9EA6D00107E5E6FF597;
		};
		2CBA8164DCAEF054CA4561D8 = {
			isa = PBXBuildFile;
			fileRef = 02200AE3295AF2DB4AD2FFB5;
		};
		27FA88FB42264826069581F4 = {
			isa = PBXBuildFile;
			fileRef = 7C726C794CA7276143C338E7;
		};
		3E6CD5268A1B78CBA21685E6 = {
			isa = PBXBuildFile;
			fileRef = A1068E60813708FE84A679B1;
		};
		E3167C000482D6FB65223225 = {
			isa = PBXBuildFile;
			fileRef = 3588B7ECB662A3DC3E7C7995;
		};
		45D459BEC7FD3DD2E795EB26 = {
			isa = PBXBuildFile;
			fileRef = DA54BDB66DD870BCCE63D5FD;
		};
		02200AE3295AF2DB4AD2FFB5 = {
			isa = PBXFileReference;
			lastKnownFileType = sourcecode.cpp.objcpp;
			name = "include_juce_data_structures.mm";
			path = "../../JuceLibraryCode/include_juce_data_structures.mm";
			sourceTree = "SOURCE_ROOT";
		};
		032AF9EA6D00107E5E6FF597 = {
			isa = PBXFileReference;
			lastKnownFileType = sourcecode.cpp.objcpp;
			name = "include_juce_core.mm";
			path = "../../JuceLibraryCode/include_juce_core.mm";
			sourceTree = "SOURCE_ROOT";
		};
		088963253D46002921966842 = {
			isa = PBXFileReference;
			lastKnownFileType = wrapper.framework;
			name = QuartzCore.framework;
			path = System/Library/Frameworks/QuartzCore.framework;
			sourceTree = SDKROOT;
		};
		0C18F4E14EC25866EEDCBA33 = {
			isa = PBXFileReference;
			lastKnownFileType = sourcecode.c.h;
			name = JuceHeader.h;
			path = ../../JuceLibraryCode/JuceHeader.h;
			sourceTree = "SOURCE_ROOT";
		};
		12427A77E89B91CB314E9744 = {
			isa = PBXFileReference;
			lastKnownFileType = sourcecode.cpp.cpp;
			name = MainComponent.cpp;
			path = ../../Source/MainComponent.cpp;
			sourceTree = "SOURCE_ROOT";
		};
		1604BE84395F06E2423BF06D = {
			isa = PBXFileReference;
			lastKnownFileType = file;
			name = "juce_data_structures";
			path = "../../../../../JUCE/modules/juce_data_structures";
			sourceTree = "SOURCE_ROOT";
		};
		22ED336C7A5ED893015A5E34 = {
			isa = PBXFileReference;
			lastKnownFileType = sourcecode.cpp.objcpp;
			name = "include_juce_audio_formats.mm";
			path = "../../JuceLibraryCode/include_juce_audio_formats.mm";
			sourceTree = "SOURCE_ROOT";
		};
		34FA2983D199B22DE9C7393A = {
			isa = PBXFileReference;
			lastKnownFileType = file;
			name = "juce_gui_basics";
			path = "../../../../../JUCE/modules/juce_gui_basics";
			sourceTree = "SOURCE_ROOT";
		};
		3588B7ECB662A3DC3E7C7995 = {
			isa = PBXFileReference;
			lastKnownFileType = sourcecode.cpp.objcpp;
			name = "include_juce_gui_basics.mm";
			path = "../../JuceLibraryCode/include_juce_gui_basics.mm";
			sourceTree = "SOURCE_ROOT";
		};
		38814151805BF1452F2312B9 = {
			isa = PBXFileReference;
			lastKnownFileType = wrapper.framework;
			name = Carbon.framework;
			path = System/Library/Frameworks/Carbon.framework;
			sourceTree = SDKROOT;
		};
		3AE1D058E760D3260ED24DB2 = {
			isa = PBXFileReference;
			lastKnownFileType = file;
			name = "juce_gui_extra";
			path = "../../../../../JUCE/modules/juce_gui_extra";
			sourceTree = "SOURCE_ROOT";
		};
		3AFF4016079161D94343EE20 = {
			isa = PBXFileReference;
			lastKnownFileType = file;
			name = "juce_core";
			path = "../../../../../JUCE/modules/juce_core";
			sourceTree = "SOURCE_ROOT";
		};
		478A3A1C27F7D6FB964A618F = {
			isa = PBXFileReference;
			lastKnownFileType = text.plist.xml;
			name = "Info-App.plist";
			path = "Info-App.plist";
			sourceTree = "SOURCE_ROOT";
		};
		4870513482E0AD65A347A044 = {
			isa = PBXFileReference;
			lastKnownFileType = file;
			name = "juce_audio_utils";
			path = "../../../../../JUCE/modules/juce_audio_utils";
			sourceTree = "SOURCE_ROOT";
		};
		4B792B028919AD7709F3C9D4 = {
			isa = PBXFileReference;
			lastKnownFileType = sourcecode.c.h;
			name = MainComponent.h;
			path = ../../Source/MainComponent.h;
			sourceTree = "SOURCE_ROOT";
		};
		51412AF4A6D0D70FA82E4F98 = {
			isa = PBXFileReference;
			lastKnownFileType = wrapper.framework;
			name = Cocoa.framework;
			path = System/Library/Frameworks/Cocoa.framework;
			sourceTree = SDKROOT;
		};
		6E80658D11924E7D0A31BA66 = {
			isa = PBXFileReference;
			lastKnownFileType = wrapper.framework;
			name = WebKit.framework;
			path = System/Library/Frameworks/WebKit.framework;
			sourceTree = SDKROOT;
		};
		78E56E12DA8B8A75736D9C25 = {
			isa = PBXFileReference;
			lastKnownFileType = wrapper.framework;
			name = IOKit.framework;
			path = System/Library/Frameworks/IOKit.framework;
			sourceTree = SDKROOT;
		};
		7C726C794CA7276143C338E7 = {
			isa = PBXFileReference;
			lastKnownFileType = sourcecode.cpp.objcpp;
			name = "include_juce_events.mm";
			path = "../../JuceLibraryCode/include_juce_events.mm";
			sourceTree = "SOURCE_ROOT";
		};
		7CAABE2C893D7AB768A35CAB = {
			isa = PBXFileReference;
			lastKnownFileType = wrapper.framework;
			name = Foundation.framework;
			path = System/Library/Frameworks/Foundation.framework;
			sourceTree = SDKROOT;
		};
		7D688406130F37D3F1469ABA = {
			isa = PBXFileReference;
			lastKnownFileType = file;
			name = "juce_audio_basics";
			path = "../../../../../JUCE/modules/juce_audio_basics";
			sourceTree = "SOURCE_ROOT";
		};
		83DBFEE0E8627EB306706CE7 = {
			isa = PBXFileReference;
			lastKnownFileType = file;
			name = "juce_audio_formats";
			path = "../../../../../JUCE/modules/juce_audio_formats";
			sourceTree = "SOURCE_ROOT";
		};
		8589648D93C8345F2FD04F49 = {
			isa = PBXFileReference;
			lastKnownFileType = wrapper.framework;
			name = DiscRecording.framework;
			path = System/Library/Frameworks/DiscRecording.framework;
			sourceTree = SDKROOT;
		};
		86938678F36C88E9B329F84B = {
			isa = PBXFileReference;
			lastKnownFileType = file;
			name = "juce_events";
			path = "../../../../../JUCE/modules/juce_events";
			sourceTree = "SOURCE_ROOT";
		};
		924801EC9B08DD8A88338AB0 = {
			isa = PBXFileReference;
			lastKnownFileType = sourcecode.cpp.objcpp;
			name = "include_juce_audio_utils.mm";
			path = "../../JuceLibraryCode/include_juce_audio_utils.mm";
			sourceTree = "SOURCE_ROOT";
		};
		A1068E60813708FE84A679B1 = {
			isa = PBXFileReference;
			lastKnownFileType = sourcecode.cpp.objcpp;
			name = "include_juce_graphics.mm";
			path = "../../JuceLibraryCode/include_juce_graphics.mm";
			sourceTree = "SOURCE_ROOT";
		};
		AD7A057AC78FFA702B3CF0F9 = {
			isa = PBXFileReference;
			explicitFileType = wrapper.application;
			includeInIndex = 0;
			path = NewProject.app;
			sourceTree = "BUILT_PRODUCTS_DIR";
		};
		B02D2EF55D66663BC41B4FA8 = {
			isa = PBXFileReference;
			lastKnownFileType = sourcecode.cpp.cpp;
			name = Main.cpp;
			path = ../../Source/Main.cpp;
			sourceTree = "SOURCE_ROOT";
		};
		B4110B448909A0CBB8507981 = {
			isa = PBXFileReference;
			lastKnownFileType = wrapper.framework;
			name = Accelerate.framework;
			path = System/Library/Frameworks/Accelerate.framework;
			sourceTree = SDKROOT;
		};
		B8E82BD998C430F7C7A15623 = {
			isa = PBXFileReference;
			lastKnownFileType = sourcecode.cpp.objcpp;
			name = "include_juce_audio_basics.mm";
			path = "../../JuceLibraryCode/include_juce_audio_basics.mm";
			sourceTree = "SOURCE_ROOT";
		};
		BA19B6171A048DC03C0E8EA5 = {
			isa = PBXFileReference;
			lastKnownFileType = file;
			name = "juce_audio_devices";
			path = "../../../../../JUCE/modules/juce_audio_devices";
			sourceTree = "SOURCE_ROOT";
		};
		BBF02D87C884B62B25895DF8 = {
			isa = PBXFileReference;
			lastKnownFileType = file.nib;
			name = RecentFilesMenuTemplate.nib;
			path = RecentFilesMenuTemplate.nib;
			sourceTree = "SOURCE_ROOT";
		};
		CDF3BF5E9DF2ED88489A8758 = {
			isa = PBXFileReference;
			lastKnownFileType = file;
			name = "juce_audio_processors";
			path = "../../../../../JUCE/modules/juce_audio_processors";
			sourceTree = "SOURCE_ROOT";
		};
		DA54BDB66DD870BCCE63D5FD = {
			isa = PBXFileReference;
			lastKnownFileType = sourcecode.cpp.objcpp;
			name = "include_juce_gui_extra.mm";
			path = "../../JuceLibraryCode/include_juce_gui_extra.mm";
			sourceTree = "SOURCE_ROOT";
		};
		E40E993E2C7A2F925ECADE00 = {
			isa = PBXFileReference;
			lastKnownFileType = file;
			name = "juce_graphics";
			path = "../../../../../JUCE/modules/juce_graphics";
			sourceTree = "SOURCE_ROOT";
		};
		EC3544BA76825C95C5EC7AD6 = {
			isa = PBXFileReference;
			lastKnownFileType = wrapper.framework;
			name = CoreAudioKit.framework;
			path = System/Library/Frameworks/CoreAudioKit.framework;
			sourceTree = SDKROOT;
		};
		EECD543455E666C00A5FBBC0 = {
			isa = PBXFileReference;
			lastKnownFileType = sourcecode.cpp.objcpp;
			name = "include_juce_audio_processors.mm";
			path = "../../JuceLibraryCode/include_juce_audio_processors.mm";
			sourceTree = "SOURCE_ROOT";
		};
		FBA15CD62C261CDB99908D88 = {
			isa = PBXFileReference;
			lastKnownFileType = sourcecode.cpp.objcpp;
			name = "include_juce_audio_devices.mm";
			path = "../../JuceLibraryCode/include_juce_audio_devices.mm";
			sourceTree = "SOURCE_ROOT";
		};
		FC5F447367DD7463D8FFAE04 = {
			isa = PBXFileReference;
			lastKnownFileType = wrapper.framework;
			name = CoreAudio.framework;
			path = System/Library/Frameworks/CoreAudio.framework;
			sourceTree = SDKROOT;
		};
		FC7EDB41CB8211FDF92EF5B0 = {
			isa = PBXFileReference;
			lastKnownFileType = wrapper.framework;
			name = CoreMIDI.framework;
			path = System/Library/Frameworks/CoreMIDI.framework;
			sourceTree = SDKROOT;
		};
		FDF7421DD60A4688CE36BCC7 = {
			isa = PBXFileReference;
			lastKnownFileType = wrapper.framework;
			name = AudioToolbox.framework;
			path = System/Library/Frameworks/AudioToolbox.framework;
			sourceTree = SDKROOT;
		};
		D2E9669D261F84E7825B512B = {
			isa = PBXGroup;
			children = (
				B02D2EF55D66663BC41B4FA8,
				4B792B028919AD7709F3C9D4,
				12427A77E89B91CB314E9744,
			);
			name = Source;
			sourceTree = "<group>";
		};
		3D6A92345D2BF390CE46A120 = {
			isa = PBXGroup;
			children = (
				D2E9669D261F84E7825B512B,
			);
			name = NewProject;
			sourceTree = "<group>";
		};
		8027F440F52C057FBE802536 = {
			isa = PBXGroup;
			children = (
				7D688406130F37D3F1469ABA,
				BA19B6171A048DC03C0E8EA5,
				83DBFEE0E8627EB306706CE7,
				CDF3BF5E9DF2ED88489A8758,
				4870513482E0AD65A347A044,
				3AFF4016079161D94343EE20,
				1604BE84395F06E2423BF06D,
				86938678F36C88E9B329F84B,
				E40E993E2C7A2F925ECADE00,
				34FA2983D199B22DE9C7393A,
				3AE1D058E760D3260ED24DB2,
			);
			name = "JUCE Modules";
			sourceTree = "<group>";
		};
		D169557E860E06F567A46AEE = {
			isa = PBXGroup;
			children = (
				B8E82BD998C430F7C7A15623,
				FBA15CD62C261CDB99908D88,
				22ED336C7A5ED893015A5E34,
				EECD543455E666C00A5FBBC0,
				924801EC9B08DD8A88338AB0,
				032AF9EA6D00107E5E6FF597,
				02200AE3295AF2DB4AD2FFB5,
				7C726C794CA7276143C338E7,
				A1068E60813708FE84A679B1,
				3588B7ECB662A3DC3E7C7995,
				DA54BDB66DD870BCCE63D5FD,
				0C18F4E14EC25866EEDCBA33,
			);
			name = "JUCE Library Code";
			sourceTree = "<group>";
		};
		664FFAB47BCF6AAD14C6A8E3 = {
			isa = PBXGroup;
			children = (
				478A3A1C27F7D6FB964A618F,
				BBF02D87C884B62B25895DF8,
			);
			name = Resources;
			sourceTree = "<group>";
		};
		5796ABA79BB105E33A52E6F5 = {
			isa = PBXGroup;
			children = (
				B4110B448909A0CBB8507981,
				FDF7421DD60A4688CE36BCC7,
				38814151805BF1452F2312B9,
				51412AF4A6D0D70FA82E4F98,
				FC5F447367DD7463D8FFAE04,
				EC3544BA76825C95C5EC7AD6,
				FC7EDB41CB8211FDF92EF5B0,
				8589648D93C8345F2FD04F49,
				7CAABE2C893D7AB768A35CAB,
				78E56E12DA8B8A75736D9C25,
				088963253D46002921966842,
				6E80658D11924E7D0A31BA66,
			);
			name = Frameworks;
			sourceTree = "<group>";
		};
		73A27BFB61E23D5DAE33C2F4 = {
			isa = PBXGroup;
			children = (
				AD7A057AC78FFA702B3CF0F9,
			);
			name = Products;
			sourceTree = "<group>";
		};
		8FF5E259682E3B297F236596 = {
			isa = PBXGroup;
			children = (
				3D6A92345D2BF390CE46A120,
				8027F440F52C057FBE802536,
				D169557E860E06F567A46AEE,
				664FFAB47BCF6AAD14C6A8E3,
				5796ABA79BB105E33A52E6F5,
				73A27BFB61E23D5DAE33C2F4,
			);
			name = Source;
			sourceTree = "<group>";
		};
		FCA633F92153AE9F9DCC6159 = {
			isa = XCBuildConfiguration;
			buildSettings = {
				CLANG_CXX_LANGUAGE_STANDARD = "c++14";
				CLANG_CXX_LIBRARY = "libc++";
				CLANG_LINK_OBJC_RUNTIME = NO;
				CODE_SIGN_IDENTITY = "";
				COMBINE_HIDPI_IMAGES = YES;
				CONFIGURATION_BUILD_DIR = "$(PROJECT_DIR)/build/$(CONFIGURATION)";
				COPY_PHASE_STRIP = NO;
				GCC_DYNAMIC_NO_PIC = NO;
				GCC_OPTIMIZATION_LEVEL = 0;
				GCC_PREPROCESSOR_DEFINITIONS = (
					"_DEBUG=1",
					"DEBUG=1",
					"JUCE_DISPLAY_SPLASH_SCREEN=1",
					"JUCE_USE_DARK_SPLASH_SCREEN=1",
					"JUCE_PROJUCER_VERSION=0x60007",
					"JUCE_MODULE_AVAILABLE_juce_audio_basics=1",
					"JUCE_MODULE_AVAILABLE_juce_audio_devices=1",
					"JUCE_MODULE_AVAILABLE_juce_audio_formats=1",
					"JUCE_MODULE_AVAILABLE_juce_audio_processors=1",
					"JUCE_MODULE_AVAILABLE_juce_audio_utils=1",
					"JUCE_MODULE_AVAILABLE_juce_core=1",
					"JUCE_MODULE_AVAILABLE_juce_data_structures=1",
					"JUCE_MODULE_AVAILABLE_juce_events=1",
					"JUCE_MODULE_AVAILABLE_juce_graphics=1",
					"JUCE_MODULE_AVAILABLE_juce_gui_basics=1",
					"JUCE_MODULE_AVAILABLE_juce_gui_extra=1",
					"JUCE_GLOBAL_MODULE_SETTINGS_INCLUDED=1",
					"JUCE_STRICT_REFCOUNTEDPOINTER=1",
					"JUCE_STANDALONE_APPLICATION=1",
					"JUCER_XCODE_MAC_F6D2F4CF=1",
					"JUCE_APP_VERSION=1.0.0",
					"JUCE_APP_VERSION_HEX=0x10000",
					"JucePlugin_Build_VST=0",
					"JucePlugin_Build_VST3=0",
					"JucePlugin_Build_AU=0",
					"JucePlugin_Build_AUv3=0",
					"JucePlugin_Build_RTAS=0",
					"JucePlugin_Build_AAX=0",
					"JucePlugin_Build_Standalone=0",
					"JucePlugin_Build_Unity=0",
				);
				GCC_VERSION = com.apple.compilers.llvm.clang.1_0;
				HEADER_SEARCH_PATHS = (
					"$(SRCROOT)/../../JuceLibraryCode",
					"$(SRCROOT)/../../../../../JUCE/modules",
					"$(inherited)",
				);
				INFOPLIST_FILE = Info-App.plist;
				INFOPLIST_PREPROCESS = NO;
				INSTALL_PATH = "$(HOME)/Applications";
				MACOSX_DEPLOYMENT_TARGET = 10.11;
				MTL_HEADER_SEARCH_PATHS = (
					"$(SRCROOT)/../../JuceLibraryCode",
					"$(SRCROOT)/../../../../../JUCE/modules",
				);
				PRODUCT_BUNDLE_IDENTIFIER = com.yourcompany.NewProject;
				PRODUCT_NAME = "NewProject";
				USE_HEADERMAP = NO;
				VALID_ARCHS = "i386 x86_64 arm64 arm64e";
			};
			name = Debug;
		};
		A42AE4504FFED8DE537F911F = {
			isa = XCBuildConfiguration;
			buildSettings = {
				CLANG_CXX_LANGUAGE_STANDARD = "c++14";
				CLANG_CXX_LIBRARY = "libc++";
				CLANG_LINK_OBJC_RUNTIME = NO;
				CODE_SIGN_IDENTITY = "";
				COMBINE_HIDPI_IMAGES = YES;
				CONFIGURATION_BUILD_DIR = "$(PROJECT_DIR)/build/$(CONFIGURATION)";
				DEAD_CODE_STRIPPING = YES;
				GCC_GENERATE_DEBUGGING_SYMBOLS = NO;
				GCC_OPTIMIZATION_LEVEL = 3;
				GCC_PREPROCESSOR_DEFINITIONS = (
					"_NDEBUG=1",
					"NDEBUG=1",
					"JUCE_DISPLAY_SPLASH_SCREEN=1",
					"JUCE_USE_DARK_SPLASH_SCREEN=1",
					"JUCE_PROJUCER_VERSION=0x60007",
					"JUCE_MODULE_AVAILABLE_juce_audio_basics=1",
					"JUCE_MODULE_AVAILABLE_juce_audio_devices=1",
					"JUCE_MODULE_AVAILABLE_juce_audio_formats=1",
					"JUCE_MODULE_AVAILABLE_juce_audio_processors=1",
					"JUCE_MODULE_AVAILABLE_juce_audio_utils=1",
					"JUCE_MODULE_AVAILABLE_juce_core=1",
					"JUCE_MODULE_AVAILABLE_juce_data_structures=1",
					"JUCE_MODULE_AVAILABLE_juce_events=1",
					"JUCE_MODULE_AVAILABLE_juce_graphics=1",
					"JUCE_MODULE_AVAILABLE_juce_gui_basics=1",
					"JUCE_MODULE_AVAILABLE_juce_gui_extra=1",
					"JUCE_GLOBAL_MODULE_SETTINGS_INCLUDED=1",
					"JUCE_STRICT_REFCOUNTEDPOINTER=1",
					"JUCE_STANDALONE_APPLICATION=1",
					"JUCER_XCODE_MAC_F6D2F4CF=1",
					"JUCE_APP_VERSION=1.0.0",
					"JUCE_APP_VERSION_HEX=0x10000",
					"JucePlugin_Build_VST=0",
					"JucePlugin_Build_VST3=0",
					"JucePlugin_Build_AU=0",
					"JucePlugin_Build_AUv3=0",
					"JucePlugin_Build_RTAS=0",
					"JucePlugin_Build_AAX=0",
					"JucePlugin_Build_Standalone=0",
					"JucePlugin_Build_Unity=0",
				);
				GCC_VERSION = com.apple.compilers.llvm.clang.1_0;
				HEADER_SEARCH_PATHS = (
					"$(SRCROOT)/../../JuceLibraryCode",
					"$(SRCROOT)/../../../../../JUCE/modules",
					"$(inherited)",
				);
				INFOPLIST_FILE = Info-App.plist;
				INFOPLIST_PREPROCESS = NO;
				INSTALL_PATH = "$(HOME)/Applications";
				LLVM_LTO = YES;
				MACOSX_DEPLOYMENT_TARGET = 10.11;
				MTL_HEADER_SEARCH_PATHS = (
					"$(SRCROOT)/../../JuceLibraryCode",
					"$(SRCROOT)/../../../../../JUCE/modules",
				);
				PRODUCT_BUNDLE_IDENTIFIER = com.yourcompany.NewProject;
				PRODUCT_NAME = "NewProject";
				USE_HEADERMAP = NO;
				VALID_ARCHS = "i386 x86_64 arm64 arm64e";
			};
			name = Release;
		};
		68CC814BFCC713D0FC3BB597 = {
			isa = XCBuildConfiguration;
			buildSettings = {
				ALWAYS_SEARCH_USER_PATHS = NO;
				CLANG_ENABLE_OBJC_WEAK = YES;
				CLANG_WARN_BLOCK_CAPTURE_AUTORELEASING = YES;
				CLANG_WARN_BOOL_CONVERSION = YES;
				CLANG_WARN_COMMA = YES;
				CLANG_WARN_CONSTANT_CONVERSION = YES;
				CLANG_WARN_DEPRECATED_OBJC_IMPLEMENTATIONS = YES;
				CLANG_WARN_EMPTY_BODY = YES;
				CLANG_WARN_ENUM_CONVERSION = YES;
				CLANG_WARN_INFINITE_RECURSION = YES;
				CLANG_WARN_INT_CONVERSION = YES;
				CLANG_WARN_NON_LITERAL_NULL_CONVERSION = YES;
				CLANG_WARN_OBJC_IMPLICIT_RETAIN_SELF = YES;
				CLANG_WARN_OBJC_LITERAL_CONVERSION = YES;
				CLANG_WARN_RANGE_LOOP_ANALYSIS = YES;
				CLANG_WARN_STRICT_PROTOTYPES = YES;
				CLANG_WARN_SUSPICIOUS_MOVE = YES;
				CLANG_WARN_UNREACHABLE_CODE = YES;
				CLANG_WARN__DUPLICATE_METHOD_MATCH = YES;
				CODE_SIGN_IDENTITY = "";
				DEBUG_INFORMATION_FORMAT = dwarf;
				ENABLE_STRICT_OBJC_MSGSEND = YES;
				ENABLE_TESTABILITY = NO;
				GCC_C_LANGUAGE_STANDARD = c11;
				GCC_INLINES_ARE_PRIVATE_EXTERN = YES;
				GCC_MODEL_TUNING = G5;
				GCC_NO_COMMON_BLOCKS = YES;
				GCC_SYMBOLS_PRIVATE_EXTERN = YES;
				GCC_WARN_64_TO_32_BIT_CONVERSION = YES;
				GCC_WARN_ABOUT_RETURN_TYPE = YES;
				GCC_WARN_CHECK_SWITCH_STATEMENTS = YES;
				GCC_WARN_MISSING_PARENTHESES = YES;
				GCC_WARN_NON_VIRTUAL_DESTRUCTOR = YES;
				GCC_WARN_TYPECHECK_CALLS_TO_PRINTF = YES;
				GCC_WARN_UNDECLARED_SELECTOR = YES;
				GCC_WARN_UNINITIALIZED_AUTOS = YES;
				GCC_WARN_UNUSED_FUNCTION = YES;
				GCC_WARN_UNUSED_VARIABLE = YES;
				ONLY_ACTIVE_ARCH = YES;
				PRODUCT_NAME = "NewProject";
				SDKROOT = macosx;
				WARNING_CFLAGS = "-Wreorder";
				ZERO_LINK = NO;
			};
			name = Debug;
		};
		9A07C3A213F4DDBFA2D68AD3 = {
			isa = XCBuildConfiguration;
			buildSettings = {
				ALWAYS_SEARCH_USER_PATHS = NO;
				CLANG_ENABLE_OBJC_WEAK = YES;
				CLANG_WARN_BLOCK_CAPTURE_AUTORELEASING = YES;
				CLANG_WARN_BOOL_CONVERSION = YES;
				CLANG_WARN_COMMA = YES;
				CLANG_WARN_CONSTANT_CONVERSION = YES;
				CLANG_WARN_DEPRECATED_OBJC_IMPLEMENTATIONS = YES;
				CLANG_WARN_EMPTY_BODY = YES;
				CLANG_WARN_ENUM_CONVERSION = YES;
				CLANG_WARN_INFINITE_RECURSION = YES;
				CLANG_WARN_INT_CONVERSION = YES;
				CLANG_WARN_NON_LITERAL_NULL_CONVERSION = YES;
				CLANG_WARN_OBJC_IMPLICIT_RETAIN_SELF = YES;
				CLANG_WARN_OBJC_LITERAL_CONVERSION = YES;
				CLANG_WARN_RANGE_LOOP_ANALYSIS = YES;
				CLANG_WARN_STRICT_PROTOTYPES = YES;
				CLANG_WARN_SUSPICIOUS_MOVE = YES;
				CLANG_WARN_UNREACHABLE_CODE = YES;
				CLANG_WARN__DUPLICATE_METHOD_MATCH = YES;
				CODE_SIGN_IDENTITY = "";
				DEBUG_INFORMATION_FORMAT = dwarf;
				ENABLE_STRICT_OBJC_MSGSEND = YES;
				ENABLE_TESTABILITY = NO;
				GCC_C_LANGUAGE_STANDARD = c11;
				GCC_INLINES_ARE_PRIVATE_EXTERN = YES;
				GCC_MODEL_TUNING = G5;
				GCC_NO_COMMON_BLOCKS = YES;
				GCC_SYMBOLS_PRIVATE_EXTERN = YES;
				GCC_WARN_64_TO_32_BIT_CONVERSION = YES;
				GCC_WARN_ABOUT_RETURN_TYPE = YES;
				GCC_WARN_CHECK_SWITCH_STATEMENTS = YES;
				GCC_WARN_MISSING_PARENTHESES = YES;
				GCC_WARN_NON_VIRTUAL_DESTRUCTOR = YES;
				GCC_WARN_TYPECHECK_CALLS_TO_PRINTF = YES;
				GCC_WARN_UNDECLARED_SELECTOR = YES;
				GCC_WARN_UNINITIALIZED_AUTOS = YES;
				GCC_WARN_UNUSED_FUNCTION = YES;
				GCC_WARN_UNUSED_VARIABLE = YES;
				PRODUCT_NAME = "NewProject";
				SDKROOT = macosx;
				WARNING_CFLAGS = "-Wreorder";
				ZERO_LINK = NO;
			};
			name = Release;
		};
		51F6202057A84E4C473ADEFD = {
			isa = XCConfigurationList;
			buildConfigurations = (
				68CC814BFCC713D0FC3BB597,
				9A07C3A213F4DDBFA2D68AD3,
			);
			defaultConfigurationIsVisible = 0;
			defaultConfigurationName = Debug;
		};
		2DCC0C99F886F1BBF9073912 = {
			isa = XCConfigurationList;
			buildConfigurations = (
				FCA633F92153AE9F9DCC6159,
				A42AE4504FFED8DE537F911F,
			);
			defaultConfigurationIsVisible = 0;
			defaultConfigurationName = Debug;
		};
		626095B98FE95AF651832E08 = {
			isa = PBXResourcesBuildPhase;
			buildActionMask = 2147483647;
			files = (
				39E8203E70074A8C1CB7B31A,
			);
			runOnlyForDeploymentPostprocessing = 0;
		};
		67546B842589492BD30C9C27 = {
			isa = PBXSourcesBuildPhase;
			buildActionMask = 2147483647;
			files = (
				8BCE75FCF37FE5DCADCEAA5E,
				A3700AEB6D70FFA16CCB601E,
				A3A2676B967DAAD28297051C,
				FBE65C7533FFC09E41E4D575,
				8E4F9DE23B783A330715C48F,
				C616A48C2937C5BD32F07B80,
				F16D6122403F7F63A91E1ECD,
				BC989962E6A11006FF29B734,
				2CBA8164DCAEF054CA4561D8,
				27FA88FB42264826069581F4,
				3E6CD5268A1B78CBA21685E6,
				E3167C000482D6FB65223225,
				45D459BEC7FD3DD2E795EB26,
			);
			runOnlyForDeploymentPostprocessing = 0;
		};
		E940C007B2229434F2220785 = {
			isa = PBXFrameworksBuildPhase;
			buildActionMask = 2147483647;
			files = (
				3CEA56B9966F6D4BBC492E32,
				5A3CB7267E1D7453C387A963,
				71AC17BA6AD04358721829AF,
				A51941BF3830DC21CB7E75D2,
				651FAF67FB572213AE3BD620,
				7FEF0B7D3EA4CE9BE5346E03,
				29C7D75C3BE5E2DA018DE842,
				90DFB13386F2A3F6E1533CF1,
				94E0A3357B4BBF156B1BB6B4,
				776D77BA4677888F36DC5819,
				B44651DD02E87EFFBCE8633E,
				831DC1502ADF6EADFB45FC25,
			);
			runOnlyForDeploymentPostprocessing = 0;
		};
		466B28D4D66278FDE3FF4D73 = {
			isa = PBXNativeTarget;
			buildConfigurationList = 2DCC0C99F886F1BBF9073912;
			buildPhases = (
				626095B98FE95AF651832E08,
				67546B842589492BD30C9C27,
				E940C007B2229434F2220785,
			);
			buildRules = ( );
			dependencies = ( );
			name = "NewProject - App";
			productName = NewProject;
			productReference = AD7A057AC78FFA702B3CF0F9;
			productType = "com.apple.product-type.application";
		};
		945624A2CB1954B4C306995F = {
			isa = PBXProject;
			buildConfigurationList = 51F6202057A84E4C473ADEFD;
			attributes = { LastUpgradeCheck = 1230; ORGANIZATIONNAME = ""; TargetAttributes = { 466B28D4D66278FDE3FF4D73 = { SystemCapabilities = {com.apple.ApplicationGroups.iOS = { enabled = 0; }; com.apple.InAppPurchase = { enabled = 0; }; com.apple.InterAppAudio = { enabled = 0; }; com.apple.Push = { enabled = 0; }; com.apple.Sandbox = { enabled = 0; }; com.apple.HardenedRuntime = { enabled = 0; }; }; }; }; };
			compatibilityVersion = "Xcode 3.2";
			hasScannedForEncodings = 0;
			mainGroup = 8FF5E259682E3B297F236596;
			projectDirPath = "";
			projectRoot = "";
			targets = (466B28D4D66278FDE3FF4D73);
			knownRegions = (en, Base);
		};
	};
	rootObject = 945624A2CB1954B4C306995F;
}
