// !$*UTF8*$!
{
	archiveVersion = 1;
	classes = {
	};
	objectVersion = 46;
	objects = {

/* Begin PBXAggregateTarget section */
		3407F8F128B7195BEA73B48F /* Brainium Audio Programming Pt. 2 - All */ = {
			isa = PBXAggregateTarget;
			buildConfigurationList = F788FB0902F0F64E3751EBB1;
			buildPhases = (
			);
			dependencies = (
				5F796F08195CE9617D60AC46,
				4A0615FCE6C2DEADDAD06E54,
				9342D147E884F08AB77FB3B1,
				4802B049AB8DE0B7040DBAC9,
			);
			name = "Brainium Audio Programming Pt. 2 - All";
			productName = "Brainium Audio Programming Pt. 2";
		};
/* End PBXAggregateTarget section */

/* Begin PBXBuildFile section */
		03E93D75520CD1FAE41957B7 /* QuartzCore.framework */ = {isa = PBXBuildFile; fileRef = C50377433429664A82A545E3; };
		05C280002ACA2EF26288C60E /* include_juce_audio_plugin_client_utils.cpp */ = {isa = PBXBuildFile; fileRef = 9D0774BF71D51AB07B5CC8D8; };
		1067661FC14F3019DFFE8F56 /* Foundation.framework */ = {isa = PBXBuildFile; fileRef = 02E649675C53865891EC7A19; };
		1C3B465AEB0FAED10F14476E /* CoreAudioKit.framework */ = {isa = PBXBuildFile; fileRef = 79BE36947615F54CAD8879C4; };
		21ABCB7985F6BCBF26C6D9FE /* include_juce_events.mm */ = {isa = PBXBuildFile; fileRef = 71E8A08197D9F0FCDB0EB720; };
		2A85425F98EF9AC5D1CDFB02 /* include_juce_audio_plugin_client_AU.r */ = {isa = PBXBuildFile; fileRef = C51C5D91D5E0EB4239A1A705; };
		332A3D130AC9B63A00234073 /* AudioUnit.framework */ = {isa = PBXBuildFile; fileRef = 6E6AB1E536EC154C962D0714; };
		35ED185EFBFAD71D00DFDC2A /* include_juce_audio_processors.mm */ = {isa = PBXBuildFile; fileRef = 51C15C234E3193228DF4AFE6; };
		385885BDF048081A2C72E21C /* Standalone Plugin */ = {isa = PBXBuildFile; fileRef = 1D3E6190EBAA5EF1A944B0B1; };
		39BF2242F6245BEFCAE3F96B /* include_juce_audio_plugin_client_Standalone.cpp */ = {isa = PBXBuildFile; fileRef = D79DCEB33B3B22A8A435D904; };
		485E01801BDDF951BFCDB4CC /* include_juce_audio_devices.mm */ = {isa = PBXBuildFile; fileRef = 7319025FD3752CADEBD0CD15; };
		4B8D2622FA4BCA7A8FDA4D7C /* CoreAudio.framework */ = {isa = PBXBuildFile; fileRef = 80C170FF063FDD46B47464A9; };
		4F52391957B4ACB26C57E9C1 /* include_juce_audio_utils.mm */ = {isa = PBXBuildFile; fileRef = D2BFD70C1260B78F2300B59A; };
		4FE26B4BA392CCE45F1D12CD /* PluginProcessor.cpp */ = {isa = PBXBuildFile; fileRef = 47D47FFDB1310A33F748B494; };
		560F65BC15BD9E4BDC81FD6D /* include_juce_audio_plugin_client_VST_utils.mm */ = {isa = PBXBuildFile; fileRef = BE4972F21313AEECAB75B9DD; };
		5F08503D9047F76E56D8D666 /* include_juce_gui_basics.mm */ = {isa = PBXBuildFile; fileRef = 470DCAA922A344E28F602AC7; };
		5F9D3AD40AC093040FC320C6 /* include_juce_data_structures.mm */ = {isa = PBXBuildFile; fileRef = F7995A3D462975009F719907; };
		6532FCF8144EEBDF941C2129 /* CoreMIDI.framework */ = {isa = PBXBuildFile; fileRef = 68FA5FA4309A0E365F631A23; };
		686E3506029DDDE37823CEA4 /* include_juce_graphics.mm */ = {isa = PBXBuildFile; fileRef = FFA2EF395FA72AA47B5C145C; };
		6A21C3266C28F009EE3A6006 /* Shared Code */ = {isa = PBXBuildFile; fileRef = 4354A50D317111601D8641B7; };
		73A758E792CA1769EA31034D /* PluginEditor.cpp */ = {isa = PBXBuildFile; fileRef = 9761F2B0B03F74BAA0E5132B; };
		7D4E0FC433A690910E8E9D74 /* include_juce_core.mm */ = {isa = PBXBuildFile; fileRef = F75BE067B0C3FA639DC81F07; };
		7E89DD939C4D91C264940940 /* include_juce_gui_extra.mm */ = {isa = PBXBuildFile; fileRef = 842EB625E652ED577017A08A; };
		8A7876179F164288B5366193 /* RecentFilesMenuTemplate.nib */ = {isa = PBXBuildFile; fileRef = 6E7CB43A4176BBB1C4B69234; };
		8EFC33AAA61196E5A5D1966A /* include_juce_audio_plugin_client_AU_1.mm */ = {isa = PBXBuildFile; fileRef = 63DE266C2C96CF886FB9F189; };
		9F4ED25F75B64D5034594A66 /* include_juce_audio_plugin_client_AU_2.mm */ = {isa = PBXBuildFile; fileRef = 633859C28494227A092CBAD6; };
		AAAB2639FD15E64FE170FC0D /* Accelerate.framework */ = {isa = PBXBuildFile; fileRef = 25B46359B7C84A443B565863; };
		B0B1414461CC496D83C0CFA3 /* WebKit.framework */ = {isa = PBXBuildFile; fileRef = E169F79EFEFD8BA446350A6C; };
		B0FED72DCC784331629580FF /* include_juce_audio_plugin_client_VST3.cpp */ = {isa = PBXBuildFile; fileRef = CC7EC7BE9EC824876C1DEF41; };
		BC21545EF9C738E3EDF7D570 /* include_juce_audio_basics.mm */ = {isa = PBXBuildFile; fileRef = 22608833AD6F12AEC7826B57; };
		BCFAB1AFAABBB7E8A76493CE /* include_juce_audio_formats.mm */ = {isa = PBXBuildFile; fileRef = 9A76A0B5CB028B763E24796C; };
		C46E868A4E5682736460AD53 /* AU */ = {isa = PBXBuildFile; fileRef = D02EFFDD5BDEE95512EC7C94; };
		CC6315FD8C766861C5E6D499 /* AudioToolbox.framework */ = {isa = PBXBuildFile; fileRef = 500D1347390E5631BFE87DED; };
		DB15C62746F2EBB5AEE6432C /* Cocoa.framework */ = {isa = PBXBuildFile; fileRef = 89B75071D95B936DBE91F088; };
		E8675C6FCA8CEC3989483EF0 /* DiscRecording.framework */ = {isa = PBXBuildFile; fileRef = 46BFE98C98E03BAC14CDBEF5; };
		ED35F053E28F3AF66BCE879D /* IOKit.framework */ = {isa = PBXBuildFile; fileRef = DA5349FC3DC63F84AF73DED7; };
		FCF5A6CA8569A763D76D549D /* VST3 */ = {isa = PBXBuildFile; fileRef = C5334740D34781281E99D567; };
		FDC0BE0340FBA6CA67E51513 /* Carbon.framework */ = {isa = PBXBuildFile; fileRef = 3C3D3B8ADEB02E0EC8A677AB; };
/* End PBXBuildFile section */

/* Begin PBXFileReference section */
		01B7E188649226117572D4FF /* juce_audio_utils */ /* juce_audio_utils */ = {isa = PBXFileReference; lastKnownFileType = folder; name = juce_audio_utils; path = "~/JUCE/modules/juce_audio_utils"; sourceTree = "<absolute>"; };
		022FDC0C322062AD8F8F630D /* LabelledSlider.h */ /* LabelledSlider.h */ = {isa = PBXFileReference; lastKnownFileType = sourcecode.c.h; name = LabelledSlider.h; path = ../../Source/LabelledSlider.h; sourceTree = SOURCE_ROOT; };
		02E649675C53865891EC7A19 /* Foundation.framework */ /* Foundation.framework */ = {isa = PBXFileReference; lastKnownFileType = wrapper.framework; name = Foundation.framework; path = System/Library/Frameworks/Foundation.framework; sourceTree = SDKROOT; };
		051EF3BD7A8622E9F9D8D67D /* juce_graphics */ /* juce_graphics */ = {isa = PBXFileReference; lastKnownFileType = folder; name = juce_graphics; path = "~/JUCE/modules/juce_graphics"; sourceTree = "<absolute>"; };
		05AC9F7DBFB8C11FEDEC8EDA /* Info-Standalone_Plugin.plist */ /* Info-Standalone_Plugin.plist */ = {isa = PBXFileReference; lastKnownFileType = text.plist.xml; name = "Info-Standalone_Plugin.plist"; path = "Info-Standalone_Plugin.plist"; sourceTree = SOURCE_ROOT; };
		0B697C72E26BEB62A68C0CC5 /* juce_audio_processors */ /* juce_audio_processors */ = {isa = PBXFileReference; lastKnownFileType = folder; name = juce_audio_processors; path = "~/JUCE/modules/juce_audio_processors"; sourceTree = "<absolute>"; };
		0F7D016D2B957DF0C1553675 /* juce_events */ /* juce_events */ = {isa = PBXFileReference; lastKnownFileType = folder; name = juce_events; path = "~/JUCE/modules/juce_events"; sourceTree = "<absolute>"; };
		146E638BE41D1F8C26D43107 /* juce_gui_basics */ /* juce_gui_basics */ = {isa = PBXFileReference; lastKnownFileType = folder; name = juce_gui_basics; path = "~/JUCE/modules/juce_gui_basics"; sourceTree = "<absolute>"; };
		1673594AD4B47EE8C76FB02E /* juce_audio_plugin_client */ /* juce_audio_plugin_client */ = {isa = PBXFileReference; lastKnownFileType = folder; name = juce_audio_plugin_client; path = "~/JUCE/modules/juce_audio_plugin_client"; sourceTree = "<absolute>"; };
		1A7E6B61AF1B70CB20DAD796 /* Delay.h */ /* Delay.h */ = {isa = PBXFileReference; lastKnownFileType = sourcecode.c.h; name = Delay.h; path = ../../Source/Delay.h; sourceTree = SOURCE_ROOT; };
		1C6B78D21140FB79FBB52B9B /* LowPassGUI.h */ /* LowPassGUI.h */ = {isa = PBXFileReference; lastKnownFileType = sourcecode.c.h; name = LowPassGUI.h; path = ../../Source/LowPassGUI.h; sourceTree = SOURCE_ROOT; };
		1D3E6190EBAA5EF1A944B0B1 /* Standalone Plugin */ = {isa = PBXFileReference; explicitFileType = wrapper.application; includeInIndex = 0; path = NewProject.app; sourceTree = BUILT_PRODUCTS_DIR; };
		22608833AD6F12AEC7826B57 /* include_juce_audio_basics.mm */ /* include_juce_audio_basics.mm */ = {isa = PBXFileReference; lastKnownFileType = sourcecode.cpp.objcpp; name = include_juce_audio_basics.mm; path = ../../JuceLibraryCode/include_juce_audio_basics.mm; sourceTree = SOURCE_ROOT; };
		25B46359B7C84A443B565863 /* Accelerate.framework */ /* Accelerate.framework */ = {isa = PBXFileReference; lastKnownFileType = wrapper.framework; name = Accelerate.framework; path = System/Library/Frameworks/Accelerate.framework; sourceTree = SDKROOT; };
		2999112F1586F16BAA290DDE /* LiveVisualizer.h */ /* LiveVisualizer.h */ = {isa = PBXFileReference; lastKnownFileType = sourcecode.c.h; name = LiveVisualizer.h; path = ../../Source/LiveVisualizer.h; sourceTree = SOURCE_ROOT; };
		2A978E0A78AE7642F50E4BE5 /* GuiSection.h */ /* GuiSection.h */ = {isa = PBXFileReference; lastKnownFileType = sourcecode.c.h; name = GuiSection.h; path = ../../Source/GuiSection.h; sourceTree = SOURCE_ROOT; };
		2E5B3E4C084C4D67B7FB8A48 /* Info-VST3.plist */ /* Info-VST3.plist */ = {isa = PBXFileReference; lastKnownFileType = text.plist.xml; name = "Info-VST3.plist"; path = "Info-VST3.plist"; sourceTree = SOURCE_ROOT; };
		387D249A03A9B96A31159F27 /* Level.h */ /* Level.h */ = {isa = PBXFileReference; lastKnownFileType = sourcecode.c.h; name = Level.h; path = ../../Source/Level.h; sourceTree = SOURCE_ROOT; };
		3C33C385EE83D5E190DA62F8 /* juce_core */ /* juce_core */ = {isa = PBXFileReference; lastKnownFileType = folder; name = juce_core; path = "~/JUCE/modules/juce_core"; sourceTree = "<absolute>"; };
		3C3D3B8ADEB02E0EC8A677AB /* Carbon.framework */ /* Carbon.framework */ = {isa = PBXFileReference; lastKnownFileType = wrapper.framework; name = Carbon.framework; path = System/Library/Frameworks/Carbon.framework; sourceTree = SDKROOT; };
		4354A50D317111601D8641B7 /* Shared Code */ = {isa = PBXFileReference; explicitFileType = archive.ar; includeInIndex = 0; path = libNewProject.a; sourceTree = BUILT_PRODUCTS_DIR; };
		46BFE98C98E03BAC14CDBEF5 /* DiscRecording.framework */ /* DiscRecording.framework */ = {isa = PBXFileReference; lastKnownFileType = wrapper.framework; name = DiscRecording.framework; path = System/Library/Frameworks/DiscRecording.framework; sourceTree = SDKROOT; };
		470DCAA922A344E28F602AC7 /* include_juce_gui_basics.mm */ /* include_juce_gui_basics.mm */ = {isa = PBXFileReference; lastKnownFileType = sourcecode.cpp.objcpp; name = include_juce_gui_basics.mm; path = ../../JuceLibraryCode/include_juce_gui_basics.mm; sourceTree = SOURCE_ROOT; };
		47D47FFDB1310A33F748B494 /* PluginProcessor.cpp */ /* PluginProcessor.cpp */ = {isa = PBXFileReference; lastKnownFileType = sourcecode.cpp.cpp; name = PluginProcessor.cpp; path = ../../Source/PluginProcessor.cpp; sourceTree = SOURCE_ROOT; };
		4B5CF60EC719F8C26640F42C /* VisualizerTiming.h */ /* VisualizerTiming.h */ = {isa = PBXFileReference; lastKnownFileType = sourcecode.c.h; name = VisualizerTiming.h; path = ../../Source/VisualizerTiming.h; sourceTree = SOURCE_ROOT; };
		4D5D4D8F026B82D67D486CF3 /* GeneratorGUI.h */ /* GeneratorGUI.h */ = {isa = PBXFileReference; lastKnownFileType = sourcecode.c.h; name = GeneratorGUI.h; path = ../../Source/GeneratorGUI.h; sourceTree = SOURCE_ROOT; };
		4E0B99689E4BB796EB93D005 /* TransferFunctionVisualizer.h */ /* TransferFunctionVisualizer.h */ = {isa = PBXFileReference; lastKnownFileType = sourcecode.c.h; name = TransferFunctionVisualizer.h; path = ../../Source/TransferFunctionVisualizer.h; sourceTree = SOURCE_ROOT; };
		4F00B168B087C2F16684ED3B /* RollingAverage.h */ /* RollingAverage.h */ = {isa = PBXFileReference; lastKnownFileType = sourcecode.c.h; name = RollingAverage.h; path = ../../Source/RollingAverage.h; sourceTree = SOURCE_ROOT; };
		500D1347390E5631BFE87DED /* AudioToolbox.framework */ /* AudioToolbox.framework */ = {isa = PBXFileReference; lastKnownFileType = wrapper.framework; name = AudioToolbox.framework; path = System/Library/Frameworks/AudioToolbox.framework; sourceTree = SDKROOT; };
		51C15C234E3193228DF4AFE6 /* include_juce_audio_processors.mm */ /* include_juce_audio_processors.mm */ = {isa = PBXFileReference; lastKnownFileType = sourcecode.cpp.objcpp; name = include_juce_audio_processors.mm; path = ../../JuceLibraryCode/include_juce_audio_processors.mm; sourceTree = SOURCE_ROOT; };
		579CC837D7E345B373A0DCDD /* PluginProcessor.h */ /* PluginProcessor.h */ = {isa = PBXFileReference; lastKnownFileType = sourcecode.c.h; name = PluginProcessor.h; path = ../../Source/PluginProcessor.h; sourceTree = SOURCE_ROOT; };
		5976ADF3B8894D5704FB207C /* Processor.h */ /* Processor.h */ = {isa = PBXFileReference; lastKnownFileType = sourcecode.c.h; name = Processor.h; path = ../../Source/Processor.h; sourceTree = SOURCE_ROOT; };
		5AF14A98A50D22FA8464E2CC /* Chain.h */ /* Chain.h */ = {isa = PBXFileReference; lastKnownFileType = sourcecode.c.h; name = Chain.h; path = ../../Source/Chain.h; sourceTree = SOURCE_ROOT; };
		5DDA5A49F8AAB406F3A55A2E /* juce_audio_formats */ /* juce_audio_formats */ = {isa = PBXFileReference; lastKnownFileType = folder; name = juce_audio_formats; path = "~/JUCE/modules/juce_audio_formats"; sourceTree = "<absolute>"; };
		633859C28494227A092CBAD6 /* include_juce_audio_plugin_client_AU_2.mm */ /* include_juce_audio_plugin_client_AU_2.mm */ = {isa = PBXFileReference; lastKnownFileType = sourcecode.cpp.objcpp; name = include_juce_audio_plugin_client_AU_2.mm; path = ../../JuceLibraryCode/include_juce_audio_plugin_client_AU_2.mm; sourceTree = SOURCE_ROOT; };
		63DE266C2C96CF886FB9F189 /* include_juce_audio_plugin_client_AU_1.mm */ /* include_juce_audio_plugin_client_AU_1.mm */ = {isa = PBXFileReference; lastKnownFileType = sourcecode.cpp.objcpp; name = include_juce_audio_plugin_client_AU_1.mm; path = ../../JuceLibraryCode/include_juce_audio_plugin_client_AU_1.mm; sourceTree = SOURCE_ROOT; };
		68FA5FA4309A0E365F631A23 /* CoreMIDI.framework */ /* CoreMIDI.framework */ = {isa = PBXFileReference; lastKnownFileType = wrapper.framework; name = CoreMIDI.framework; path = System/Library/Frameworks/CoreMIDI.framework; sourceTree = SDKROOT; };
		6E6AB1E536EC154C962D0714 /* AudioUnit.framework */ /* AudioUnit.framework */ = {isa = PBXFileReference; lastKnownFileType = wrapper.framework; name = AudioUnit.framework; path = System/Library/Frameworks/AudioUnit.framework; sourceTree = SDKROOT; };
		6E7CB43A4176BBB1C4B69234 /* RecentFilesMenuTemplate.nib */ /* RecentFilesMenuTemplate.nib */ = {isa = PBXFileReference; lastKnownFileType = file.nib; name = RecentFilesMenuTemplate.nib; path = RecentFilesMenuTemplate.nib; sourceTree = SOURCE_ROOT; };
		701BD9EDD4A85035FDB98511 /* JuceHeader.h */ /* JuceHeader.h */ = {isa = PBXFileReference; lastKnownFileType = sourcecode.c.h; name = JuceHeader.h; path = ../../JuceLibraryCode/JuceHeader.h; sourceTree = SOURCE_ROOT; };
		71723B358B60676C1CABE311 /* PluginEditor.h */ /* PluginEditor.h */ = {isa = PBXFileReference; lastKnownFileType = sourcecode.c.h; name = PluginEditor.h; path = ../../Source/PluginEditor.h; sourceTree = SOURCE_ROOT; };
		71E8A08197D9F0FCDB0EB720 /* include_juce_events.mm */ /* include_juce_events.mm */ = {isa = PBXFileReference; lastKnownFileType = sourcecode.cpp.objcpp; name = include_juce_events.mm; path = ../../JuceLibraryCode/include_juce_events.mm; sourceTree = SOURCE_ROOT; };
		7319025FD3752CADEBD0CD15 /* include_juce_audio_devices.mm */ /* include_juce_audio_devices.mm */ = {isa = PBXFileReference; lastKnownFileType = sourcecode.cpp.objcpp; name = include_juce_audio_devices.mm; path = ../../JuceLibraryCode/include_juce_audio_devices.mm; sourceTree = SOURCE_ROOT; };
		78FE334327742E4BEA9C79E9 /* juce_data_structures */ /* juce_data_structures */ = {isa = PBXFileReference; lastKnownFileType = folder; name = juce_data_structures; path = "~/JUCE/modules/juce_data_structures"; sourceTree = "<absolute>"; };
		79BE36947615F54CAD8879C4 /* CoreAudioKit.framework */ /* CoreAudioKit.framework */ = {isa = PBXFileReference; lastKnownFileType = wrapper.framework; name = CoreAudioKit.framework; path = System/Library/Frameworks/CoreAudioKit.framework; sourceTree = SDKROOT; };
		80C170FF063FDD46B47464A9 /* CoreAudio.framework */ /* CoreAudio.framework */ = {isa = PBXFileReference; lastKnownFileType = wrapper.framework; name = CoreAudio.framework; path = System/Library/Frameworks/CoreAudio.framework; sourceTree = SDKROOT; };
		842EB625E652ED577017A08A /* include_juce_gui_extra.mm */ /* include_juce_gui_extra.mm */ = {isa = PBXFileReference; lastKnownFileType = sourcecode.cpp.objcpp; name = include_juce_gui_extra.mm; path = ../../JuceLibraryCode/include_juce_gui_extra.mm; sourceTree = SOURCE_ROOT; };
		87984174E88B472181AC318C /* juce_audio_devices */ /* juce_audio_devices */ = {isa = PBXFileReference; lastKnownFileType = folder; name = juce_audio_devices; path = "~/JUCE/modules/juce_audio_devices"; sourceTree = "<absolute>"; };
		89B75071D95B936DBE91F088 /* Cocoa.framework */ /* Cocoa.framework */ = {isa = PBXFileReference; lastKnownFileType = wrapper.framework; name = Cocoa.framework; path = System/Library/Frameworks/Cocoa.framework; sourceTree = SDKROOT; };
		90CEDEBAD209B547C3DEDF46 /* CompressorGUI.h */ /* CompressorGUI.h */ = {isa = PBXFileReference; lastKnownFileType = sourcecode.c.h; name = CompressorGUI.h; path = ../../Source/CompressorGUI.h; sourceTree = SOURCE_ROOT; };
		952D32F6B21C6174983F20FA /* DelayGUI.h */ /* DelayGUI.h */ = {isa = PBXFileReference; lastKnownFileType = sourcecode.c.h; name = DelayGUI.h; path = ../../Source/DelayGUI.h; sourceTree = SOURCE_ROOT; };
		9761F2B0B03F74BAA0E5132B /* PluginEditor.cpp */ /* PluginEditor.cpp */ = {isa = PBXFileReference; lastKnownFileType = sourcecode.cpp.cpp; name = PluginEditor.cpp; path = ../../Source/PluginEditor.cpp; sourceTree = SOURCE_ROOT; };
		97EC3D3F1359A12B073C3E09 /* Slider.h */ /* Slider.h */ = {isa = PBXFileReference; lastKnownFileType = sourcecode.c.h; name = Slider.h; path = ../../Source/Slider.h; sourceTree = SOURCE_ROOT; };
		9A76A0B5CB028B763E24796C /* include_juce_audio_formats.mm */ /* include_juce_audio_formats.mm */ = {isa = PBXFileReference; lastKnownFileType = sourcecode.cpp.objcpp; name = include_juce_audio_formats.mm; path = ../../JuceLibraryCode/include_juce_audio_formats.mm; sourceTree = SOURCE_ROOT; };
		9D0774BF71D51AB07B5CC8D8 /* include_juce_audio_plugin_client_utils.cpp */ /* include_juce_audio_plugin_client_utils.cpp */ = {isa = PBXFileReference; lastKnownFileType = sourcecode.cpp.cpp; name = include_juce_audio_plugin_client_utils.cpp; path = ../../JuceLibraryCode/include_juce_audio_plugin_client_utils.cpp; sourceTree = SOURCE_ROOT; };
		AAA1651A19ADD96C6DF43635 /* LevelGUI.h */ /* LevelGUI.h */ = {isa = PBXFileReference; lastKnownFileType = sourcecode.c.h; name = LevelGUI.h; path = ../../Source/LevelGUI.h; sourceTree = SOURCE_ROOT; };
		BE0359080D0A332ABEDE8FAC /* juce_gui_extra */ /* juce_gui_extra */ = {isa = PBXFileReference; lastKnownFileType = folder; name = juce_gui_extra; path = "~/JUCE/modules/juce_gui_extra"; sourceTree = "<absolute>"; };
		BE4972F21313AEECAB75B9DD /* include_juce_audio_plugin_client_VST_utils.mm */ /* include_juce_audio_plugin_client_VST_utils.mm */ = {isa = PBXFileReference; lastKnownFileType = sourcecode.cpp.objcpp; name = include_juce_audio_plugin_client_VST_utils.mm; path = ../../JuceLibraryCode/include_juce_audio_plugin_client_VST_utils.mm; sourceTree = SOURCE_ROOT; };
		BFAE505C5FFDF988FADB17BD /* Saturator.h */ /* Saturator.h */ = {isa = PBXFileReference; lastKnownFileType = sourcecode.c.h; name = Saturator.h; path = ../../Source/Saturator.h; sourceTree = SOURCE_ROOT; };
		C4B256E69ADFD611DC0F506F /* Compressor.h */ /* Compressor.h */ = {isa = PBXFileReference; lastKnownFileType = sourcecode.c.h; name = Compressor.h; path = ../../Source/Compressor.h; sourceTree = SOURCE_ROOT; };
		C50377433429664A82A545E3 /* QuartzCore.framework */ /* QuartzCore.framework */ = {isa = PBXFileReference; lastKnownFileType = wrapper.framework; name = QuartzCore.framework; path = System/Library/Frameworks/QuartzCore.framework; sourceTree = SDKROOT; };
		C51C5D91D5E0EB4239A1A705 /* include_juce_audio_plugin_client_AU.r */ /* include_juce_audio_plugin_client_AU.r */ = {isa = PBXFileReference; lastKnownFileType = file.r; name = include_juce_audio_plugin_client_AU.r; path = ../../JuceLibraryCode/include_juce_audio_plugin_client_AU.r; sourceTree = SOURCE_ROOT; };
		C5334740D34781281E99D567 /* VST3 */ = {isa = PBXFileReference; explicitFileType = wrapper.cfbundle; includeInIndex = 0; path = NewProject.vst3; sourceTree = BUILT_PRODUCTS_DIR; };
		C805C029A8042A7140CE2CEB /* RecircBuffer.h */ /* RecircBuffer.h */ = {isa = PBXFileReference; lastKnownFileType = sourcecode.c.h; name = RecircBuffer.h; path = ../../Source/RecircBuffer.h; sourceTree = SOURCE_ROOT; };
		CC7EC7BE9EC824876C1DEF41 /* include_juce_audio_plugin_client_VST3.cpp */ /* include_juce_audio_plugin_client_VST3.cpp */ = {isa = PBXFileReference; lastKnownFileType = sourcecode.cpp.cpp; name = include_juce_audio_plugin_client_VST3.cpp; path = ../../JuceLibraryCode/include_juce_audio_plugin_client_VST3.cpp; sourceTree = SOURCE_ROOT; };
		CD29861EDFC448248FABCA6A /* Generator.h */ /* Generator.h */ = {isa = PBXFileReference; lastKnownFileType = sourcecode.c.h; name = Generator.h; path = ../../Source/Generator.h; sourceTree = SOURCE_ROOT; };
		D02EFFDD5BDEE95512EC7C94 /* AU */ = {isa = PBXFileReference; explicitFileType = wrapper.cfbundle; includeInIndex = 0; path = NewProject.component; sourceTree = BUILT_PRODUCTS_DIR; };
		D13DFB1A61600665EEF4BB2E /* JucePluginDefines.h */ /* JucePluginDefines.h */ = {isa = PBXFileReference; lastKnownFileType = sourcecode.c.h; name = JucePluginDefines.h; path = ../../JuceLibraryCode/JucePluginDefines.h; sourceTree = SOURCE_ROOT; };
		D2BFD70C1260B78F2300B59A /* include_juce_audio_utils.mm */ /* include_juce_audio_utils.mm */ = {isa = PBXFileReference; lastKnownFileType = sourcecode.cpp.objcpp; name = include_juce_audio_utils.mm; path = ../../JuceLibraryCode/include_juce_audio_utils.mm; sourceTree = SOURCE_ROOT; };
		D79DCEB33B3B22A8A435D904 /* include_juce_audio_plugin_client_Standalone.cpp */ /* include_juce_audio_plugin_client_Standalone.cpp */ = {isa = PBXFileReference; lastKnownFileType = sourcecode.cpp.cpp; name = include_juce_audio_plugin_client_Standalone.cpp; path = ../../JuceLibraryCode/include_juce_audio_plugin_client_Standalone.cpp; sourceTree = SOURCE_ROOT; };
		D7D0B0C1B3DDD96107640AB8 /* SaturatorGUI.h */ /* SaturatorGUI.h */ = {isa = PBXFileReference; lastKnownFileType = sourcecode.c.h; name = SaturatorGUI.h; path = ../../Source/SaturatorGUI.h; sourceTree = SOURCE_ROOT; };
		D94B6EC2636FD716C2E033C5 /* Info-AU.plist */ /* Info-AU.plist */ = {isa = PBXFileReference; lastKnownFileType = text.plist.xml; name = "Info-AU.plist"; path = "Info-AU.plist"; sourceTree = SOURCE_ROOT; };
		DA5349FC3DC63F84AF73DED7 /* IOKit.framework */ /* IOKit.framework */ = {isa = PBXFileReference; lastKnownFileType = wrapper.framework; name = IOKit.framework; path = System/Library/Frameworks/IOKit.framework; sourceTree = SDKROOT; };
		E169F79EFEFD8BA446350A6C /* WebKit.framework */ /* WebKit.framework */ = {isa = PBXFileReference; lastKnownFileType = wrapper.framework; name = WebKit.framework; path = System/Library/Frameworks/WebKit.framework; sourceTree = SDKROOT; };
		E87A13AD19721D6D186DA5EF /* LowPass.h */ /* LowPass.h */ = {isa = PBXFileReference; lastKnownFileType = sourcecode.c.h; name = LowPass.h; path = ../../Source/LowPass.h; sourceTree = SOURCE_ROOT; };
		EABD314C59526881A681CB6A /* juce_audio_basics */ /* juce_audio_basics */ = {isa = PBXFileReference; lastKnownFileType = folder; name = juce_audio_basics; path = "~/JUCE/modules/juce_audio_basics"; sourceTree = "<absolute>"; };
		EBCCE8AB4337275AD051B0B2 /* Visualizer.h */ /* Visualizer.h */ = {isa = PBXFileReference; lastKnownFileType = sourcecode.c.h; name = Visualizer.h; path = ../../Source/Visualizer.h; sourceTree = SOURCE_ROOT; };
		F75BE067B0C3FA639DC81F07 /* include_juce_core.mm */ /* include_juce_core.mm */ = {isa = PBXFileReference; lastKnownFileType = sourcecode.cpp.objcpp; name = include_juce_core.mm; path = ../../JuceLibraryCode/include_juce_core.mm; sourceTree = SOURCE_ROOT; };
		F7995A3D462975009F719907 /* include_juce_data_structures.mm */ /* include_juce_data_structures.mm */ = {isa = PBXFileReference; lastKnownFileType = sourcecode.cpp.objcpp; name = include_juce_data_structures.mm; path = ../../JuceLibraryCode/include_juce_data_structures.mm; sourceTree = SOURCE_ROOT; };
		FFA2EF395FA72AA47B5C145C /* include_juce_graphics.mm */ /* include_juce_graphics.mm */ = {isa = PBXFileReference; lastKnownFileType = sourcecode.cpp.objcpp; name = include_juce_graphics.mm; path = ../../JuceLibraryCode/include_juce_graphics.mm; sourceTree = SOURCE_ROOT; };
/* End PBXFileReference section */

/* Begin PBXFrameworksBuildPhase section */
		68B4BE63E7CECDA8C027E318 = {
			isa = PBXFrameworksBuildPhase;
			buildActionMask = 2147483647;
			files = (
				332A3D130AC9B63A00234073,
				AAAB2639FD15E64FE170FC0D,
				CC6315FD8C766861C5E6D499,
				FDC0BE0340FBA6CA67E51513,
				DB15C62746F2EBB5AEE6432C,
				4B8D2622FA4BCA7A8FDA4D7C,
				1C3B465AEB0FAED10F14476E,
				6532FCF8144EEBDF941C2129,
				E8675C6FCA8CEC3989483EF0,
				1067661FC14F3019DFFE8F56,
				ED35F053E28F3AF66BCE879D,
				03E93D75520CD1FAE41957B7,
				B0B1414461CC496D83C0CFA3,
			);
			runOnlyForDeploymentPostprocessing = 0;
		};
		B59B95CC711E6C295F22D413 = {
			isa = PBXFrameworksBuildPhase;
			buildActionMask = 2147483647;
			files = (
				AAAB2639FD15E64FE170FC0D,
				CC6315FD8C766861C5E6D499,
				FDC0BE0340FBA6CA67E51513,
				DB15C62746F2EBB5AEE6432C,
				4B8D2622FA4BCA7A8FDA4D7C,
				1C3B465AEB0FAED10F14476E,
				6532FCF8144EEBDF941C2129,
				E8675C6FCA8CEC3989483EF0,
				1067661FC14F3019DFFE8F56,
				ED35F053E28F3AF66BCE879D,
				03E93D75520CD1FAE41957B7,
				B0B1414461CC496D83C0CFA3,
			);
			runOnlyForDeploymentPostprocessing = 0;
		};
		B7E3C0719567B8E1C9627C1E = {
			isa = PBXFrameworksBuildPhase;
			buildActionMask = 2147483647;
			files = (
				AAAB2639FD15E64FE170FC0D,
				CC6315FD8C766861C5E6D499,
				FDC0BE0340FBA6CA67E51513,
				DB15C62746F2EBB5AEE6432C,
				4B8D2622FA4BCA7A8FDA4D7C,
				1C3B465AEB0FAED10F14476E,
				6532FCF8144EEBDF941C2129,
				E8675C6FCA8CEC3989483EF0,
				1067661FC14F3019DFFE8F56,
				ED35F053E28F3AF66BCE879D,
				03E93D75520CD1FAE41957B7,
				B0B1414461CC496D83C0CFA3,
			);
			runOnlyForDeploymentPostprocessing = 0;
		};
/* End PBXFrameworksBuildPhase section */

/* Begin PBXGroup section */
		022883849EA8B4F2D7E04821 /* Brainium Audio Programming Pt. 2 */ = {
			isa = PBXGroup;
			children = (
				7E6B60AD48886921E313718B,
				3B65AAFE3967EC5392351011,
				9F727C0F694D60DCB478C012,
				CDB7CCBB43D22B9E0D7331A0,
			);
			name = "Brainium Audio Programming Pt. 2";
			sourceTree = "<group>";
		};
		1E44963193651FBB1F990EF7 /* JUCE Library Code */ = {
			isa = PBXGroup;
			children = (
				22608833AD6F12AEC7826B57,
				7319025FD3752CADEBD0CD15,
				9A76A0B5CB028B763E24796C,
				C51C5D91D5E0EB4239A1A705,
				63DE266C2C96CF886FB9F189,
				633859C28494227A092CBAD6,
				D79DCEB33B3B22A8A435D904,
				9D0774BF71D51AB07B5CC8D8,
				BE4972F21313AEECAB75B9DD,
				CC7EC7BE9EC824876C1DEF41,
				51C15C234E3193228DF4AFE6,
				D2BFD70C1260B78F2300B59A,
				F75BE067B0C3FA639DC81F07,
				F7995A3D462975009F719907,
				71E8A08197D9F0FCDB0EB720,
				FFA2EF395FA72AA47B5C145C,
				470DCAA922A344E28F602AC7,
				842EB625E652ED577017A08A,
				701BD9EDD4A85035FDB98511,
				D13DFB1A61600665EEF4BB2E,
			);
			name = "JUCE Library Code";
			sourceTree = "<group>";
		};
		1EB97329C7D65B8EE129E678 /* JUCE Modules */ = {
			isa = PBXGroup;
			children = (
				EABD314C59526881A681CB6A,
				87984174E88B472181AC318C,
				5DDA5A49F8AAB406F3A55A2E,
				1673594AD4B47EE8C76FB02E,
				0B697C72E26BEB62A68C0CC5,
				01B7E188649226117572D4FF,
				3C33C385EE83D5E190DA62F8,
				78FE334327742E4BEA9C79E9,
				0F7D016D2B957DF0C1553675,
				051EF3BD7A8622E9F9D8D67D,
				146E638BE41D1F8C26D43107,
				BE0359080D0A332ABEDE8FAC,
			);
			name = "JUCE Modules";
			sourceTree = "<group>";
		};
		20548310462862C0B388F347 /* Products */ = {
			isa = PBXGroup;
			children = (
				C5334740D34781281E99D567,
				D02EFFDD5BDEE95512EC7C94,
				1D3E6190EBAA5EF1A944B0B1,
				4354A50D317111601D8641B7,
			);
			name = Products;
			sourceTree = "<group>";
		};
		3B65AAFE3967EC5392351011 /* Processing */ = {
			isa = PBXGroup;
			children = (
				5AF14A98A50D22FA8464E2CC,
				C4B256E69ADFD611DC0F506F,
				1A7E6B61AF1B70CB20DAD796,
				CD29861EDFC448248FABCA6A,
				387D249A03A9B96A31159F27,
				E87A13AD19721D6D186DA5EF,
				5976ADF3B8894D5704FB207C,
				BFAE505C5FFDF988FADB17BD,
			);
			name = Processing;
			sourceTree = "<group>";
		};
		5C19008404D0D1E363E2CB77 /* Resources */ = {
			isa = PBXGroup;
			children = (
				2E5B3E4C084C4D67B7FB8A48,
				D94B6EC2636FD716C2E033C5,
				05AC9F7DBFB8C11FEDEC8EDA,
				6E7CB43A4176BBB1C4B69234,
			);
			name = Resources;
			sourceTree = "<group>";
		};
		7E6B60AD48886921E313718B /* Util */ = {
			isa = PBXGroup;
			children = (
				C805C029A8042A7140CE2CEB,
				4F00B168B087C2F16684ED3B,
			);
			name = Util;
			sourceTree = "<group>";
		};
		8695321E2B55D301C97125AD /* Source */ = {
			isa = PBXGroup;
			children = (
				022883849EA8B4F2D7E04821,
				1EB97329C7D65B8EE129E678,
				1E44963193651FBB1F990EF7,
				5C19008404D0D1E363E2CB77,
				F4DBCBD53A71938684B07599,
				20548310462862C0B388F347,
			);
			name = Source;
			sourceTree = "<group>";
		};
		9F727C0F694D60DCB478C012 /* GUI */ = {
			isa = PBXGroup;
			children = (
				90CEDEBAD209B547C3DEDF46,
				952D32F6B21C6174983F20FA,
				4D5D4D8F026B82D67D486CF3,
				2A978E0A78AE7642F50E4BE5,
				022FDC0C322062AD8F8F630D,
				AAA1651A19ADD96C6DF43635,
				2999112F1586F16BAA290DDE,
				1C6B78D21140FB79FBB52B9B,
				D7D0B0C1B3DDD96107640AB8,
				97EC3D3F1359A12B073C3E09,
				4E0B99689E4BB796EB93D005,
				EBCCE8AB4337275AD051B0B2,
				4B5CF60EC719F8C26640F42C,
			);
			name = GUI;
			sourceTree = "<group>";
		};
		CDB7CCBB43D22B9E0D7331A0 /* Source */ = {
			isa = PBXGroup;
			children = (
				47D47FFDB1310A33F748B494,
				579CC837D7E345B373A0DCDD,
				9761F2B0B03F74BAA0E5132B,
				71723B358B60676C1CABE311,
			);
			name = Source;
			sourceTree = "<group>";
		};
		F4DBCBD53A71938684B07599 /* Frameworks */ = {
			isa = PBXGroup;
			children = (
				6E6AB1E536EC154C962D0714,
				25B46359B7C84A443B565863,
				500D1347390E5631BFE87DED,
				3C3D3B8ADEB02E0EC8A677AB,
				89B75071D95B936DBE91F088,
				80C170FF063FDD46B47464A9,
				79BE36947615F54CAD8879C4,
				68FA5FA4309A0E365F631A23,
				46BFE98C98E03BAC14CDBEF5,
				02E649675C53865891EC7A19,
				DA5349FC3DC63F84AF73DED7,
				C50377433429664A82A545E3,
				E169F79EFEFD8BA446350A6C,
			);
			name = Frameworks;
			sourceTree = "<group>";
		};
/* End PBXGroup section */

/* Begin PBXNativeTarget section */
		4E32888DE1F43C7F8C53870E /* Brainium Audio Programming Pt. 2 - AU */ = {
			isa = PBXNativeTarget;
			buildConfigurationList = BC46E41507321C6C1181731C;
			buildPhases = (
				4389D29EAA8D1E46D3D4A81E,
				CBAA223A4007805697C93317,
				E627816903D7FBBE2FDD0C93,
				68B4BE63E7CECDA8C027E318,
			);
			buildRules = (
			);
			dependencies = (
				7F7D507268D9031344FDAB09,
			);
			name = "Brainium Audio Programming Pt. 2 - AU";
			productName = "Brainium Audio Programming Pt. 2";
			productReference = D02EFFDD5BDEE95512EC7C94;
			productType = "com.apple.product-type.bundle";
		};
		5DE934BA7DE68288457B649E /* Brainium Audio Programming Pt. 2 - Shared Code */ = {
			isa = PBXNativeTarget;
			buildConfigurationList = B6AC9CF88C18C84E1E1CC998;
			buildPhases = (
				E512094D253A9B1B6D1DAEF4,
			);
			buildRules = (
			);
			dependencies = (
			);
			name = "Brainium Audio Programming Pt. 2 - Shared Code";
			productName = "Brainium Audio Programming Pt. 2";
			productReference = 4354A50D317111601D8641B7;
			productType = "com.apple.product-type.library.static";
		};
		90AE6C97C3F46724B43D231C /* Brainium Audio Programming Pt. 2 - VST3 */ = {
			isa = PBXNativeTarget;
			buildConfigurationList = 9373425D98DD9DB6566C961F;
			buildPhases = (
				E243CB7CDAAA648BBC084A47,
				F0FD708F2DF5140C8ACA9781,
				B7E3C0719567B8E1C9627C1E,
			);
			buildRules = (
			);
			dependencies = (
				A1531B453202AA6431200D86,
			);
			name = "Brainium Audio Programming Pt. 2 - VST3";
			productName = "Brainium Audio Programming Pt. 2";
			productReference = C5334740D34781281E99D567;
			productType = "com.apple.product-type.bundle";
		};
		C1C4175F6E4E814B8036FBD6 /* Brainium Audio Programming Pt. 2 - Standalone Plugin */ = {
			isa = PBXNativeTarget;
			buildConfigurationList = 34AB7FDF03C7FF42BD0D9EBB;
			buildPhases = (
				5BFBB9C5EDF63B1B09FF5F5F,
				147AB8452F6DD7768D5B8476,
				B59B95CC711E6C295F22D413,
			);
			buildRules = (
			);
			dependencies = (
				13D5A2B49203EF34662133F7,
			);
			name = "Brainium Audio Programming Pt. 2 - Standalone Plugin";
			productName = "Brainium Audio Programming Pt. 2";
			productReference = 1D3E6190EBAA5EF1A944B0B1;
			productType = "com.apple.product-type.application";
		};
/* End PBXNativeTarget section */

/* Begin PBXProject section */
		8DC397B755B7466E4BA9AE24 = {
			isa = PBXProject;
			attributes = {
				LastUpgradeCheck = 1300;
				ORGANIZATIONNAME = "Spenser Saling";
				TargetAttributes = {
					3407F8F128B7195BEA73B48F = {
						SystemCapabilities = {
							com.apple.ApplicationGroups.iOS = {
								enabled = 0;
							};
							com.apple.HardenedRuntime = {
								enabled = 0;
							};
							com.apple.InAppPurchase = {
								enabled = 0;
							};
							com.apple.InterAppAudio = {
								enabled = 0;
							};
							com.apple.Push = {
								enabled = 0;
							};
							com.apple.Sandbox = {
								enabled = 0;
							};
						};
					};
					4E32888DE1F43C7F8C53870E = {
						SystemCapabilities = {
							com.apple.ApplicationGroups.iOS = {
								enabled = 0;
							};
							com.apple.HardenedRuntime = {
								enabled = 0;
							};
							com.apple.InAppPurchase = {
								enabled = 0;
							};
							com.apple.InterAppAudio = {
								enabled = 0;
							};
							com.apple.Push = {
								enabled = 0;
							};
							com.apple.Sandbox = {
								enabled = 0;
							};
						};
					};
					5DE934BA7DE68288457B649E = {
						SystemCapabilities = {
							com.apple.ApplicationGroups.iOS = {
								enabled = 0;
							};
							com.apple.HardenedRuntime = {
								enabled = 0;
							};
							com.apple.InAppPurchase = {
								enabled = 0;
							};
							com.apple.InterAppAudio = {
								enabled = 0;
							};
							com.apple.Push = {
								enabled = 0;
							};
							com.apple.Sandbox = {
								enabled = 0;
							};
						};
					};
					90AE6C97C3F46724B43D231C = {
						SystemCapabilities = {
							com.apple.ApplicationGroups.iOS = {
								enabled = 0;
							};
							com.apple.HardenedRuntime = {
								enabled = 0;
							};
							com.apple.InAppPurchase = {
								enabled = 0;
							};
							com.apple.InterAppAudio = {
								enabled = 0;
							};
							com.apple.Push = {
								enabled = 0;
							};
							com.apple.Sandbox = {
								enabled = 0;
							};
						};
					};
					C1C4175F6E4E814B8036FBD6 = {
						SystemCapabilities = {
							com.apple.ApplicationGroups.iOS = {
								enabled = 0;
							};
							com.apple.HardenedRuntime = {
								enabled = 0;
							};
							com.apple.InAppPurchase = {
								enabled = 0;
							};
							com.apple.InterAppAudio = {
								enabled = 0;
							};
							com.apple.Push = {
								enabled = 0;
							};
							com.apple.Sandbox = {
								enabled = 0;
							};
						};
					};
				};
			};
			buildConfigurationList = A9D463977F018F97E8EC123C;
			compatibilityVersion = "Xcode 3.2";
			hasScannedForEncodings = 0;
			knownRegions = (
				en,
				Base,
			);
			mainGroup = 8695321E2B55D301C97125AD;
			projectDirPath = "";
			projectRoot = "";
			targets = (
				3407F8F128B7195BEA73B48F,
				90AE6C97C3F46724B43D231C,
				4E32888DE1F43C7F8C53870E,
				C1C4175F6E4E814B8036FBD6,
				5DE934BA7DE68288457B649E,
			);
		};
/* End PBXProject section */

/* Begin PBXResourcesBuildPhase section */
		4389D29EAA8D1E46D3D4A81E = {
			isa = PBXResourcesBuildPhase;
			buildActionMask = 2147483647;
			files = (
				8A7876179F164288B5366193,
			);
			runOnlyForDeploymentPostprocessing = 0;
		};
		5BFBB9C5EDF63B1B09FF5F5F = {
			isa = PBXResourcesBuildPhase;
			buildActionMask = 2147483647;
			files = (
				8A7876179F164288B5366193,
			);
			runOnlyForDeploymentPostprocessing = 0;
		};
		E243CB7CDAAA648BBC084A47 = {
			isa = PBXResourcesBuildPhase;
			buildActionMask = 2147483647;
			files = (
				8A7876179F164288B5366193,
			);
			runOnlyForDeploymentPostprocessing = 0;
		};
/* End PBXResourcesBuildPhase section */

/* Begin PBXRezBuildPhase section */
		CBAA223A4007805697C93317 = {
			isa = PBXRezBuildPhase;
			buildActionMask = 2147483647;
			files = (
				2A85425F98EF9AC5D1CDFB02,
			);
			runOnlyForDeploymentPostprocessing = 0;
		};
/* End PBXRezBuildPhase section */

/* Begin PBXSourcesBuildPhase section */
		147AB8452F6DD7768D5B8476 = {
			isa = PBXSourcesBuildPhase;
			buildActionMask = 2147483647;
			files = (
				39BF2242F6245BEFCAE3F96B,
			);
			runOnlyForDeploymentPostprocessing = 0;
		};
		E512094D253A9B1B6D1DAEF4 = {
			isa = PBXSourcesBuildPhase;
			buildActionMask = 2147483647;
			files = (
				4FE26B4BA392CCE45F1D12CD,
				73A758E792CA1769EA31034D,
				BC21545EF9C738E3EDF7D570,
				485E01801BDDF951BFCDB4CC,
				BCFAB1AFAABBB7E8A76493CE,
				05C280002ACA2EF26288C60E,
				560F65BC15BD9E4BDC81FD6D,
				35ED185EFBFAD71D00DFDC2A,
				4F52391957B4ACB26C57E9C1,
				7D4E0FC433A690910E8E9D74,
				5F9D3AD40AC093040FC320C6,
				21ABCB7985F6BCBF26C6D9FE,
				686E3506029DDDE37823CEA4,
				5F08503D9047F76E56D8D666,
				7E89DD939C4D91C264940940,
			);
			runOnlyForDeploymentPostprocessing = 0;
		};
		E627816903D7FBBE2FDD0C93 = {
			isa = PBXSourcesBuildPhase;
			buildActionMask = 2147483647;
			files = (
				8EFC33AAA61196E5A5D1966A,
				9F4ED25F75B64D5034594A66,
			);
			runOnlyForDeploymentPostprocessing = 0;
		};
		F0FD708F2DF5140C8ACA9781 = {
			isa = PBXSourcesBuildPhase;
			buildActionMask = 2147483647;
			files = (
				B0FED72DCC784331629580FF,
			);
			runOnlyForDeploymentPostprocessing = 0;
		};
/* End PBXSourcesBuildPhase section */

/* Begin PBXTargetDependency section */
		13D5A2B49203EF34662133F7 = {
			isa = PBXTargetDependency;
			target = 5DE934BA7DE68288457B649E;
		};
		4802B049AB8DE0B7040DBAC9 = {
			isa = PBXTargetDependency;
			target = 5DE934BA7DE68288457B649E;
		};
		4A0615FCE6C2DEADDAD06E54 = {
			isa = PBXTargetDependency;
			target = 4E32888DE1F43C7F8C53870E;
		};
		5F796F08195CE9617D60AC46 = {
			isa = PBXTargetDependency;
			target = 90AE6C97C3F46724B43D231C;
		};
		7F7D507268D9031344FDAB09 = {
			isa = PBXTargetDependency;
			target = 5DE934BA7DE68288457B649E;
		};
		9342D147E884F08AB77FB3B1 = {
			isa = PBXTargetDependency;
			target = C1C4175F6E4E814B8036FBD6;
		};
		A1531B453202AA6431200D86 = {
			isa = PBXTargetDependency;
			target = 5DE934BA7DE68288457B649E;
		};
/* End PBXTargetDependency section */

/* Begin XCBuildConfiguration section */
		1987920F90509223517DAE0C /* Debug */ = {
			isa = XCBuildConfiguration;
			buildSettings = {
				ALWAYS_SEARCH_USER_PATHS = NO;
				CLANG_ENABLE_OBJC_WEAK = YES;
				CLANG_WARN_BLOCK_CAPTURE_AUTORELEASING = YES;
				CLANG_WARN_BOOL_CONVERSION = YES;
				CLANG_WARN_COMMA = YES;
				CLANG_WARN_CONSTANT_CONVERSION = YES;
				CLANG_WARN_DEPRECATED_OBJC_IMPLEMENTATIONS = YES;
				CLANG_WARN_EMPTY_BODY = YES;
				CLANG_WARN_ENUM_CONVERSION = YES;
				CLANG_WARN_INFINITE_RECURSION = YES;
				CLANG_WARN_INT_CONVERSION = YES;
				CLANG_WARN_NON_LITERAL_NULL_CONVERSION = YES;
				CLANG_WARN_OBJC_IMPLICIT_RETAIN_SELF = YES;
				CLANG_WARN_OBJC_LITERAL_CONVERSION = YES;
				CLANG_WARN_RANGE_LOOP_ANALYSIS = YES;
				CLANG_WARN_STRICT_PROTOTYPES = YES;
				CLANG_WARN_SUSPICIOUS_MOVE = YES;
				CLANG_WARN_UNREACHABLE_CODE = YES;
				CLANG_WARN__DUPLICATE_METHOD_MATCH = YES;
				CODE_SIGN_IDENTITY = "";
				DEBUG_INFORMATION_FORMAT = dwarf;
				ENABLE_STRICT_OBJC_MSGSEND = YES;
				ENABLE_TESTABILITY = NO;
				GCC_C_LANGUAGE_STANDARD = c11;
				GCC_INLINES_ARE_PRIVATE_EXTERN = YES;
				GCC_MODEL_TUNING = G5;
				GCC_NO_COMMON_BLOCKS = YES;
				GCC_SYMBOLS_PRIVATE_EXTERN = YES;
				GCC_WARN_64_TO_32_BIT_CONVERSION = YES;
				GCC_WARN_ABOUT_RETURN_TYPE = YES;
				GCC_WARN_CHECK_SWITCH_STATEMENTS = YES;
				GCC_WARN_MISSING_PARENTHESES = YES;
				GCC_WARN_NON_VIRTUAL_DESTRUCTOR = YES;
				GCC_WARN_TYPECHECK_CALLS_TO_PRINTF = YES;
				GCC_WARN_UNDECLARED_SELECTOR = YES;
				GCC_WARN_UNINITIALIZED_AUTOS = YES;
				GCC_WARN_UNUSED_FUNCTION = YES;
				GCC_WARN_UNUSED_VARIABLE = YES;
				ONLY_ACTIVE_ARCH = YES;
				PRODUCT_NAME = "NewProject";
				SDKROOT = macosx;
				WARNING_CFLAGS = "-Wreorder";
				ZERO_LINK = NO;
			};
			name = Debug;
		};
		2848842A2D4B570F35CFD870 /* Debug */ = {
			isa = XCBuildConfiguration;
			buildSettings = {
				CLANG_CXX_LANGUAGE_STANDARD = "c++17";
				CLANG_CXX_LIBRARY = "libc++";
				CLANG_LINK_OBJC_RUNTIME = NO;
				CODE_SIGN_IDENTITY = "";
				COMBINE_HIDPI_IMAGES = YES;
				CONFIGURATION_BUILD_DIR = "$(PROJECT_DIR)/build/$(CONFIGURATION)";
				COPY_PHASE_STRIP = NO;
				DEPLOYMENT_LOCATION = YES;
				DSTROOT = /;
				GCC_DYNAMIC_NO_PIC = NO;
				GCC_OPTIMIZATION_LEVEL = 0;
				GCC_PREPROCESSOR_DEFINITIONS = (
					"_DEBUG=1",
					"DEBUG=1",
					"JUCE_DISPLAY_SPLASH_SCREEN=1",
					"JUCE_USE_DARK_SPLASH_SCREEN=1",
					"JUCE_PROJUCER_VERSION=0x60102",
					"JUCE_MODULE_AVAILABLE_juce_audio_basics=1",
					"JUCE_MODULE_AVAILABLE_juce_audio_devices=1",
					"JUCE_MODULE_AVAILABLE_juce_audio_formats=1",
					"JUCE_MODULE_AVAILABLE_juce_audio_plugin_client=1",
					"JUCE_MODULE_AVAILABLE_juce_audio_processors=1",
					"JUCE_MODULE_AVAILABLE_juce_audio_utils=1",
					"JUCE_MODULE_AVAILABLE_juce_core=1",
					"JUCE_MODULE_AVAILABLE_juce_data_structures=1",
					"JUCE_MODULE_AVAILABLE_juce_events=1",
					"JUCE_MODULE_AVAILABLE_juce_graphics=1",
					"JUCE_MODULE_AVAILABLE_juce_gui_basics=1",
					"JUCE_MODULE_AVAILABLE_juce_gui_extra=1",
					"JUCE_GLOBAL_MODULE_SETTINGS_INCLUDED=1",
					"JUCE_VST3_CAN_REPLACE_VST2=0",
					"JUCE_STRICT_REFCOUNTEDPOINTER=1",
					"JucePlugin_Build_VST=0",
					"JucePlugin_Build_VST3=0",
					"JucePlugin_Build_AU=1",
					"JucePlugin_Build_AUv3=0",
					"JucePlugin_Build_RTAS=0",
					"JucePlugin_Build_AAX=0",
					"JucePlugin_Build_Standalone=0",
					"JucePlugin_Build_Unity=0",
					"JucePlugin_Enable_IAA=0",
					"JucePlugin_Name=\\\"Brainium\\ Audio\\ Programming\\ Pt.\\ 2\\\"",
					"JucePlugin_Desc=\\\"Brainium\\ Audio\\ Programming\\ Pt.\\ 2\\\"",
					"JucePlugin_Manufacturer=\\\"Spenser\\ Saling\\\"",
					"JucePlugin_ManufacturerWebsite=\\\"\\\"",
					"JucePlugin_ManufacturerEmail=\\\"\\\"",
					"JucePlugin_ManufacturerCode=0x4d616e75",
					"JucePlugin_PluginCode=0x546c366c",
					"JucePlugin_IsSynth=0",
					"JucePlugin_WantsMidiInput=0",
					"JucePlugin_ProducesMidiOutput=0",
					"JucePlugin_IsMidiEffect=0",
					"JucePlugin_EditorRequiresKeyboardFocus=0",
					"JucePlugin_Version=1.0.0",
					"JucePlugin_VersionCode=0x10000",
					"JucePlugin_VersionString=\\\"1.0.0\\\"",
					"JucePlugin_VSTUniqueID=JucePlugin_PluginCode",
					"JucePlugin_VSTCategory=kPlugCategEffect",
					"JucePlugin_Vst3Category=\\\"Fx\\\"",
					"JucePlugin_AUMainType='aufx'",
					"JucePlugin_AUSubType=JucePlugin_PluginCode",
					"JucePlugin_AUExportPrefix=BrainiumAudioProgrammingPt_2AU",
					"JucePlugin_AUExportPrefixQuoted=\\\"BrainiumAudioProgrammingPt_2AU\\\"",
					"JucePlugin_AUManufacturerCode=JucePlugin_ManufacturerCode",
					"JucePlugin_CFBundleIdentifier=com.SpenserSaling.BrainiumAudioProgrammingPt_2",
					"JucePlugin_RTASCategory=0",
					"JucePlugin_RTASManufacturerCode=JucePlugin_ManufacturerCode",
					"JucePlugin_RTASProductId=JucePlugin_PluginCode",
					"JucePlugin_RTASDisableBypass=0",
					"JucePlugin_RTASDisableMultiMono=0",
					"JucePlugin_AAXIdentifier=com.SpenserSaling.BrainiumAudioProgrammingPt_2",
					"JucePlugin_AAXManufacturerCode=JucePlugin_ManufacturerCode",
					"JucePlugin_AAXProductId=JucePlugin_PluginCode",
					"JucePlugin_AAXCategory=0",
					"JucePlugin_AAXDisableBypass=0",
					"JucePlugin_AAXDisableMultiMono=0",
					"JucePlugin_IAAType=0x61757278",
					"JucePlugin_IAASubType=JucePlugin_PluginCode",
					"JucePlugin_IAAName=\\\"Spenser\\ Saling:\\ Brainium\\ Audio\\ Programming\\ Pt.\\ 2\\\"",
					"JucePlugin_VSTNumMidiInputs=16",
					"JucePlugin_VSTNumMidiOutputs=16",
					"JUCE_STANDALONE_APPLICATION=JucePlugin_Build_Standalone",
					"JUCER_XCODE_MAC_F6D2F4CF=1",
					"JUCE_APP_VERSION=1.0.0",
					"JUCE_APP_VERSION_HEX=0x10000",
				);
				GCC_VERSION = com.apple.compilers.llvm.clang.1_0;
				GENERATE_PKGINFO_FILE = YES;
				HEADER_SEARCH_PATHS = (
					"$(HOME)/JUCE/modules/juce_audio_processors/format_types/VST3_SDK",
					"$(SRCROOT)/../../JuceLibraryCode",
					"$(HOME)/JUCE/modules",
					"$(HOME)/JUCE/modules/juce_audio_plugin_client",
					"$(inherited)",
				);
				INFOPLIST_FILE = Info-AU.plist;
				INFOPLIST_PREPROCESS = NO;
				INSTALL_PATH = "$(HOME)/Library/Audio/Plug-Ins/Components/";
				LIBRARY_STYLE = Bundle;
				MACOSX_DEPLOYMENT_TARGET = 10.11;
				MTL_HEADER_SEARCH_PATHS = "$(HOME)/JUCE/modules/juce_audio_processors/format_types/VST3_SDK $(SRCROOT)/../../JuceLibraryCode $(HOME)/JUCE/modules $(HOME)/JUCE/modules/juce_audio_plugin_client";
				OTHER_LDFLAGS = "-bundle -lNewProject";
				OTHER_REZFLAGS = "-d ppc_$ppc -d i386_$i386 -d ppc64_$ppc64 -d x86_64_$x86_64 -d arm64_$arm64 -I /System/Library/Frameworks/CoreServices.framework/Frameworks/CarbonCore.framework/Versions/A/Headers -I \"$(DEVELOPER_DIR)/Extras/CoreAudio/AudioUnits/AUPublic/AUBase\" -I \"$(DEVELOPER_DIR)/Platforms/MacOSX.platform/Developer/SDKs/MacOSX.sdk/System/Library/Frameworks/AudioUnit.framework/Headers\"";
				PRODUCT_BUNDLE_IDENTIFIER = com.SpenserSaling.BrainiumAudioProgrammingPt_2;
				PRODUCT_NAME = "NewProject";
				USE_HEADERMAP = NO;
				VALID_ARCHS = "i386 x86_64 arm64 arm64e";
				WRAPPER_EXTENSION = component;
			};
			name = Debug;
		};
		322DE55DD353287B6817B156 /* Release */ = {
			isa = XCBuildConfiguration;
			buildSettings = {
				MACOSX_DEPLOYMENT_TARGET = 10.11;
				SDKROOT = macosx;
			};
			name = Release;
		};
		39CA4317F104389CC621797B /* Release */ = {
			isa = XCBuildConfiguration;
			buildSettings = {
				ALWAYS_SEARCH_USER_PATHS = NO;
				CLANG_ENABLE_OBJC_WEAK = YES;
				CLANG_WARN_BLOCK_CAPTURE_AUTORELEASING = YES;
				CLANG_WARN_BOOL_CONVERSION = YES;
				CLANG_WARN_COMMA = YES;
				CLANG_WARN_CONSTANT_CONVERSION = YES;
				CLANG_WARN_DEPRECATED_OBJC_IMPLEMENTATIONS = YES;
				CLANG_WARN_EMPTY_BODY = YES;
				CLANG_WARN_ENUM_CONVERSION = YES;
				CLANG_WARN_INFINITE_RECURSION = YES;
				CLANG_WARN_INT_CONVERSION = YES;
				CLANG_WARN_NON_LITERAL_NULL_CONVERSION = YES;
				CLANG_WARN_OBJC_IMPLICIT_RETAIN_SELF = YES;
				CLANG_WARN_OBJC_LITERAL_CONVERSION = YES;
				CLANG_WARN_RANGE_LOOP_ANALYSIS = YES;
				CLANG_WARN_STRICT_PROTOTYPES = YES;
				CLANG_WARN_SUSPICIOUS_MOVE = YES;
				CLANG_WARN_UNREACHABLE_CODE = YES;
				CLANG_WARN__DUPLICATE_METHOD_MATCH = YES;
				CODE_SIGN_IDENTITY = "";
				DEBUG_INFORMATION_FORMAT = dwarf;
				ENABLE_STRICT_OBJC_MSGSEND = YES;
				ENABLE_TESTABILITY = NO;
				GCC_C_LANGUAGE_STANDARD = c11;
				GCC_INLINES_ARE_PRIVATE_EXTERN = YES;
				GCC_MODEL_TUNING = G5;
				GCC_NO_COMMON_BLOCKS = YES;
				GCC_SYMBOLS_PRIVATE_EXTERN = YES;
				GCC_WARN_64_TO_32_BIT_CONVERSION = YES;
				GCC_WARN_ABOUT_RETURN_TYPE = YES;
				GCC_WARN_CHECK_SWITCH_STATEMENTS = YES;
				GCC_WARN_MISSING_PARENTHESES = YES;
				GCC_WARN_NON_VIRTUAL_DESTRUCTOR = YES;
				GCC_WARN_TYPECHECK_CALLS_TO_PRINTF = YES;
				GCC_WARN_UNDECLARED_SELECTOR = YES;
				GCC_WARN_UNINITIALIZED_AUTOS = YES;
				GCC_WARN_UNUSED_FUNCTION = YES;
				GCC_WARN_UNUSED_VARIABLE = YES;
				PRODUCT_NAME = "NewProject";
				SDKROOT = macosx;
				WARNING_CFLAGS = "-Wreorder";
				ZERO_LINK = NO;
			};
			name = Release;
		};
		58ED6FEDF04C63FE4F57A456 /* Debug */ = {
			isa = XCBuildConfiguration;
			buildSettings = {
				CLANG_CXX_LANGUAGE_STANDARD = "c++17";
				CLANG_CXX_LIBRARY = "libc++";
				CLANG_LINK_OBJC_RUNTIME = NO;
				CODE_SIGN_IDENTITY = "";
				COMBINE_HIDPI_IMAGES = YES;
				CONFIGURATION_BUILD_DIR = "$(PROJECT_DIR)/build/$(CONFIGURATION)";
				COPY_PHASE_STRIP = NO;
				GCC_DYNAMIC_NO_PIC = NO;
				GCC_OPTIMIZATION_LEVEL = 0;
				GCC_PREPROCESSOR_DEFINITIONS = (
					"_DEBUG=1",
					"DEBUG=1",
					"JUCE_DISPLAY_SPLASH_SCREEN=1",
					"JUCE_USE_DARK_SPLASH_SCREEN=1",
					"JUCE_PROJUCER_VERSION=0x60102",
					"JUCE_MODULE_AVAILABLE_juce_audio_basics=1",
					"JUCE_MODULE_AVAILABLE_juce_audio_devices=1",
					"JUCE_MODULE_AVAILABLE_juce_audio_formats=1",
					"JUCE_MODULE_AVAILABLE_juce_audio_plugin_client=1",
					"JUCE_MODULE_AVAILABLE_juce_audio_processors=1",
					"JUCE_MODULE_AVAILABLE_juce_audio_utils=1",
					"JUCE_MODULE_AVAILABLE_juce_core=1",
					"JUCE_MODULE_AVAILABLE_juce_data_structures=1",
					"JUCE_MODULE_AVAILABLE_juce_events=1",
					"JUCE_MODULE_AVAILABLE_juce_graphics=1",
					"JUCE_MODULE_AVAILABLE_juce_gui_basics=1",
					"JUCE_MODULE_AVAILABLE_juce_gui_extra=1",
					"JUCE_GLOBAL_MODULE_SETTINGS_INCLUDED=1",
					"JUCE_VST3_CAN_REPLACE_VST2=0",
					"JUCE_STRICT_REFCOUNTEDPOINTER=1",
					"JucePlugin_Build_VST=0",
					"JucePlugin_Build_VST3=1",
					"JucePlugin_Build_AU=1",
					"JucePlugin_Build_AUv3=0",
					"JucePlugin_Build_RTAS=0",
					"JucePlugin_Build_AAX=0",
					"JucePlugin_Build_Standalone=1",
					"JucePlugin_Build_Unity=0",
					"JucePlugin_Enable_IAA=0",
					"JucePlugin_Name=\\\"Brainium\\ Audio\\ Programming\\ Pt.\\ 2\\\"",
					"JucePlugin_Desc=\\\"Brainium\\ Audio\\ Programming\\ Pt.\\ 2\\\"",
					"JucePlugin_Manufacturer=\\\"Spenser\\ Saling\\\"",
					"JucePlugin_ManufacturerWebsite=\\\"\\\"",
					"JucePlugin_ManufacturerEmail=\\\"\\\"",
					"JucePlugin_ManufacturerCode=0x4d616e75",
					"JucePlugin_PluginCode=0x546c366c",
					"JucePlugin_IsSynth=0",
					"JucePlugin_WantsMidiInput=0",
					"JucePlugin_ProducesMidiOutput=0",
					"JucePlugin_IsMidiEffect=0",
					"JucePlugin_EditorRequiresKeyboardFocus=0",
					"JucePlugin_Version=1.0.0",
					"JucePlugin_VersionCode=0x10000",
					"JucePlugin_VersionString=\\\"1.0.0\\\"",
					"JucePlugin_VSTUniqueID=JucePlugin_PluginCode",
					"JucePlugin_VSTCategory=kPlugCategEffect",
					"JucePlugin_Vst3Category=\\\"Fx\\\"",
					"JucePlugin_AUMainType='aufx'",
					"JucePlugin_AUSubType=JucePlugin_PluginCode",
					"JucePlugin_AUExportPrefix=BrainiumAudioProgrammingPt_2AU",
					"JucePlugin_AUExportPrefixQuoted=\\\"BrainiumAudioProgrammingPt_2AU\\\"",
					"JucePlugin_AUManufacturerCode=JucePlugin_ManufacturerCode",
					"JucePlugin_CFBundleIdentifier=com.SpenserSaling.BrainiumAudioProgrammingPt_2",
					"JucePlugin_RTASCategory=0",
					"JucePlugin_RTASManufacturerCode=JucePlugin_ManufacturerCode",
					"JucePlugin_RTASProductId=JucePlugin_PluginCode",
					"JucePlugin_RTASDisableBypass=0",
					"JucePlugin_RTASDisableMultiMono=0",
					"JucePlugin_AAXIdentifier=com.SpenserSaling.BrainiumAudioProgrammingPt_2",
					"JucePlugin_AAXManufacturerCode=JucePlugin_ManufacturerCode",
					"JucePlugin_AAXProductId=JucePlugin_PluginCode",
					"JucePlugin_AAXCategory=0",
					"JucePlugin_AAXDisableBypass=0",
					"JucePlugin_AAXDisableMultiMono=0",
					"JucePlugin_IAAType=0x61757278",
					"JucePlugin_IAASubType=JucePlugin_PluginCode",
					"JucePlugin_IAAName=\\\"Spenser\\ Saling:\\ Brainium\\ Audio\\ Programming\\ Pt.\\ 2\\\"",
					"JucePlugin_VSTNumMidiInputs=16",
					"JucePlugin_VSTNumMidiOutputs=16",
					"JUCE_STANDALONE_APPLICATION=JucePlugin_Build_Standalone",
					"JUCER_XCODE_MAC_F6D2F4CF=1",
					"JUCE_APP_VERSION=1.0.0",
					"JUCE_APP_VERSION_HEX=0x10000",
					"JUCE_SHARED_CODE=1",
				);
				GCC_VERSION = com.apple.compilers.llvm.clang.1_0;
				HEADER_SEARCH_PATHS = (
					"$(HOME)/JUCE/modules/juce_audio_processors/format_types/VST3_SDK",
					"$(SRCROOT)/../../JuceLibraryCode",
					"$(HOME)/JUCE/modules",
					"$(HOME)/JUCE/modules/juce_audio_plugin_client",
					"$(inherited)",
				);
				INSTALL_PATH = "@executable_path/../Frameworks";
				MACOSX_DEPLOYMENT_TARGET = 10.11;
				MTL_HEADER_SEARCH_PATHS = "$(HOME)/JUCE/modules/juce_audio_processors/format_types/VST3_SDK $(SRCROOT)/../../JuceLibraryCode $(HOME)/JUCE/modules $(HOME)/JUCE/modules/juce_audio_plugin_client";
				PRODUCT_BUNDLE_IDENTIFIER = com.SpenserSaling.BrainiumAudioProgrammingPt_2;
				PRODUCT_NAME = "NewProject";
				SKIP_INSTALL = YES;
				USE_HEADERMAP = NO;
				VALID_ARCHS = "i386 x86_64 arm64 arm64e";
			};
			name = Debug;
		};
		6ABC9921600D0242347178C8 /* Release */ = {
			isa = XCBuildConfiguration;
			buildSettings = {
				CLANG_CXX_LANGUAGE_STANDARD = "c++17";
				CLANG_CXX_LIBRARY = "libc++";
				CLANG_LINK_OBJC_RUNTIME = NO;
				CODE_SIGN_IDENTITY = "";
				COMBINE_HIDPI_IMAGES = YES;
				CONFIGURATION_BUILD_DIR = "$(PROJECT_DIR)/build/$(CONFIGURATION)";
				DEAD_CODE_STRIPPING = YES;
				GCC_GENERATE_DEBUGGING_SYMBOLS = NO;
				GCC_OPTIMIZATION_LEVEL = 3;
				GCC_PREPROCESSOR_DEFINITIONS = (
					"_NDEBUG=1",
					"NDEBUG=1",
					"JUCE_DISPLAY_SPLASH_SCREEN=1",
					"JUCE_USE_DARK_SPLASH_SCREEN=1",
					"JUCE_PROJUCER_VERSION=0x60102",
					"JUCE_MODULE_AVAILABLE_juce_audio_basics=1",
					"JUCE_MODULE_AVAILABLE_juce_audio_devices=1",
					"JUCE_MODULE_AVAILABLE_juce_audio_formats=1",
					"JUCE_MODULE_AVAILABLE_juce_audio_plugin_client=1",
					"JUCE_MODULE_AVAILABLE_juce_audio_processors=1",
					"JUCE_MODULE_AVAILABLE_juce_audio_utils=1",
					"JUCE_MODULE_AVAILABLE_juce_core=1",
					"JUCE_MODULE_AVAILABLE_juce_data_structures=1",
					"JUCE_MODULE_AVAILABLE_juce_events=1",
					"JUCE_MODULE_AVAILABLE_juce_graphics=1",
					"JUCE_MODULE_AVAILABLE_juce_gui_basics=1",
					"JUCE_MODULE_AVAILABLE_juce_gui_extra=1",
					"JUCE_GLOBAL_MODULE_SETTINGS_INCLUDED=1",
					"JUCE_VST3_CAN_REPLACE_VST2=0",
					"JUCE_STRICT_REFCOUNTEDPOINTER=1",
					"JucePlugin_Build_VST=0",
					"JucePlugin_Build_VST3=0",
					"JucePlugin_Build_AU=0",
					"JucePlugin_Build_AUv3=0",
					"JucePlugin_Build_RTAS=0",
					"JucePlugin_Build_AAX=0",
					"JucePlugin_Build_Standalone=1",
					"JucePlugin_Build_Unity=0",
					"JucePlugin_Enable_IAA=0",
					"JucePlugin_Name=\\\"Brainium\\ Audio\\ Programming\\ Pt.\\ 2\\\"",
					"JucePlugin_Desc=\\\"Brainium\\ Audio\\ Programming\\ Pt.\\ 2\\\"",
					"JucePlugin_Manufacturer=\\\"Spenser\\ Saling\\\"",
					"JucePlugin_ManufacturerWebsite=\\\"\\\"",
					"JucePlugin_ManufacturerEmail=\\\"\\\"",
					"JucePlugin_ManufacturerCode=0x4d616e75",
					"JucePlugin_PluginCode=0x546c366c",
					"JucePlugin_IsSynth=0",
					"JucePlugin_WantsMidiInput=0",
					"JucePlugin_ProducesMidiOutput=0",
					"JucePlugin_IsMidiEffect=0",
					"JucePlugin_EditorRequiresKeyboardFocus=0",
					"JucePlugin_Version=1.0.0",
					"JucePlugin_VersionCode=0x10000",
					"JucePlugin_VersionString=\\\"1.0.0\\\"",
					"JucePlugin_VSTUniqueID=JucePlugin_PluginCode",
					"JucePlugin_VSTCategory=kPlugCategEffect",
					"JucePlugin_Vst3Category=\\\"Fx\\\"",
					"JucePlugin_AUMainType='aufx'",
					"JucePlugin_AUSubType=JucePlugin_PluginCode",
					"JucePlugin_AUExportPrefix=BrainiumAudioProgrammingPt_2AU",
					"JucePlugin_AUExportPrefixQuoted=\\\"BrainiumAudioProgrammingPt_2AU\\\"",
					"JucePlugin_AUManufacturerCode=JucePlugin_ManufacturerCode",
					"JucePlugin_CFBundleIdentifier=com.SpenserSaling.BrainiumAudioProgrammingPt_2",
					"JucePlugin_RTASCategory=0",
					"JucePlugin_RTASManufacturerCode=JucePlugin_ManufacturerCode",
					"JucePlugin_RTASProductId=JucePlugin_PluginCode",
					"JucePlugin_RTASDisableBypass=0",
					"JucePlugin_RTASDisableMultiMono=0",
					"JucePlugin_AAXIdentifier=com.SpenserSaling.BrainiumAudioProgrammingPt_2",
					"JucePlugin_AAXManufacturerCode=JucePlugin_ManufacturerCode",
					"JucePlugin_AAXProductId=JucePlugin_PluginCode",
					"JucePlugin_AAXCategory=0",
					"JucePlugin_AAXDisableBypass=0",
					"JucePlugin_AAXDisableMultiMono=0",
					"JucePlugin_IAAType=0x61757278",
					"JucePlugin_IAASubType=JucePlugin_PluginCode",
					"JucePlugin_IAAName=\\\"Spenser\\ Saling:\\ Brainium\\ Audio\\ Programming\\ Pt.\\ 2\\\"",
					"JucePlugin_VSTNumMidiInputs=16",
					"JucePlugin_VSTNumMidiOutputs=16",
					"JUCE_STANDALONE_APPLICATION=JucePlugin_Build_Standalone",
					"JUCER_XCODE_MAC_F6D2F4CF=1",
					"JUCE_APP_VERSION=1.0.0",
					"JUCE_APP_VERSION_HEX=0x10000",
				);
				GCC_VERSION = com.apple.compilers.llvm.clang.1_0;
				HEADER_SEARCH_PATHS = (
					"$(HOME)/JUCE/modules/juce_audio_processors/format_types/VST3_SDK",
					"$(SRCROOT)/../../JuceLibraryCode",
					"$(HOME)/JUCE/modules",
					"$(HOME)/JUCE/modules/juce_audio_plugin_client",
					"$(inherited)",
				);
				INFOPLIST_FILE = Info-Standalone_Plugin.plist;
				INFOPLIST_PREPROCESS = NO;
				LLVM_LTO = YES;
				MACOSX_DEPLOYMENT_TARGET = 10.11;
				MTL_HEADER_SEARCH_PATHS = "$(HOME)/JUCE/modules/juce_audio_processors/format_types/VST3_SDK $(SRCROOT)/../../JuceLibraryCode $(HOME)/JUCE/modules $(HOME)/JUCE/modules/juce_audio_plugin_client";
				OTHER_LDFLAGS = "-lNewProject";
				PRODUCT_BUNDLE_IDENTIFIER = com.SpenserSaling.BrainiumAudioProgrammingPt_2;
				PRODUCT_NAME = "NewProject";
				USE_HEADERMAP = NO;
				VALID_ARCHS = "i386 x86_64 arm64 arm64e";
			};
			name = Release;
		};
		9CB889A296E7E1E8F0A9CBA9 /* Debug */ = {
			isa = XCBuildConfiguration;
			buildSettings = {
				CLANG_CXX_LANGUAGE_STANDARD = "c++17";
				CLANG_CXX_LIBRARY = "libc++";
				CLANG_LINK_OBJC_RUNTIME = NO;
				CODE_SIGN_IDENTITY = "";
				COMBINE_HIDPI_IMAGES = YES;
				CONFIGURATION_BUILD_DIR = "$(PROJECT_DIR)/build/$(CONFIGURATION)";
				COPY_PHASE_STRIP = NO;
				GCC_DYNAMIC_NO_PIC = NO;
				GCC_OPTIMIZATION_LEVEL = 0;
				GCC_PREPROCESSOR_DEFINITIONS = (
					"_DEBUG=1",
					"DEBUG=1",
					"JUCE_DISPLAY_SPLASH_SCREEN=1",
					"JUCE_USE_DARK_SPLASH_SCREEN=1",
					"JUCE_PROJUCER_VERSION=0x60102",
					"JUCE_MODULE_AVAILABLE_juce_audio_basics=1",
					"JUCE_MODULE_AVAILABLE_juce_audio_devices=1",
					"JUCE_MODULE_AVAILABLE_juce_audio_formats=1",
					"JUCE_MODULE_AVAILABLE_juce_audio_plugin_client=1",
					"JUCE_MODULE_AVAILABLE_juce_audio_processors=1",
					"JUCE_MODULE_AVAILABLE_juce_audio_utils=1",
					"JUCE_MODULE_AVAILABLE_juce_core=1",
					"JUCE_MODULE_AVAILABLE_juce_data_structures=1",
					"JUCE_MODULE_AVAILABLE_juce_events=1",
					"JUCE_MODULE_AVAILABLE_juce_graphics=1",
					"JUCE_MODULE_AVAILABLE_juce_gui_basics=1",
					"JUCE_MODULE_AVAILABLE_juce_gui_extra=1",
					"JUCE_GLOBAL_MODULE_SETTINGS_INCLUDED=1",
					"JUCE_VST3_CAN_REPLACE_VST2=0",
					"JUCE_STRICT_REFCOUNTEDPOINTER=1",
					"JucePlugin_Build_VST=0",
					"JucePlugin_Build_VST3=0",
					"JucePlugin_Build_AU=0",
					"JucePlugin_Build_AUv3=0",
					"JucePlugin_Build_RTAS=0",
					"JucePlugin_Build_AAX=0",
					"JucePlugin_Build_Standalone=1",
					"JucePlugin_Build_Unity=0",
					"JucePlugin_Enable_IAA=0",
					"JucePlugin_Name=\\\"Brainium\\ Audio\\ Programming\\ Pt.\\ 2\\\"",
					"JucePlugin_Desc=\\\"Brainium\\ Audio\\ Programming\\ Pt.\\ 2\\\"",
					"JucePlugin_Manufacturer=\\\"Spenser\\ Saling\\\"",
					"JucePlugin_ManufacturerWebsite=\\\"\\\"",
					"JucePlugin_ManufacturerEmail=\\\"\\\"",
					"JucePlugin_ManufacturerCode=0x4d616e75",
					"JucePlugin_PluginCode=0x546c366c",
					"JucePlugin_IsSynth=0",
					"JucePlugin_WantsMidiInput=0",
					"JucePlugin_ProducesMidiOutput=0",
					"JucePlugin_IsMidiEffect=0",
					"JucePlugin_EditorRequiresKeyboardFocus=0",
					"JucePlugin_Version=1.0.0",
					"JucePlugin_VersionCode=0x10000",
					"JucePlugin_VersionString=\\\"1.0.0\\\"",
					"JucePlugin_VSTUniqueID=JucePlugin_PluginCode",
					"JucePlugin_VSTCategory=kPlugCategEffect",
					"JucePlugin_Vst3Category=\\\"Fx\\\"",
					"JucePlugin_AUMainType='aufx'",
					"JucePlugin_AUSubType=JucePlugin_PluginCode",
					"JucePlugin_AUExportPrefix=BrainiumAudioProgrammingPt_2AU",
					"JucePlugin_AUExportPrefixQuoted=\\\"BrainiumAudioProgrammingPt_2AU\\\"",
					"JucePlugin_AUManufacturerCode=JucePlugin_ManufacturerCode",
					"JucePlugin_CFBundleIdentifier=com.SpenserSaling.BrainiumAudioProgrammingPt_2",
					"JucePlugin_RTASCategory=0",
					"JucePlugin_RTASManufacturerCode=JucePlugin_ManufacturerCode",
					"JucePlugin_RTASProductId=JucePlugin_PluginCode",
					"JucePlugin_RTASDisableBypass=0",
					"JucePlugin_RTASDisableMultiMono=0",
					"JucePlugin_AAXIdentifier=com.SpenserSaling.BrainiumAudioProgrammingPt_2",
					"JucePlugin_AAXManufacturerCode=JucePlugin_ManufacturerCode",
					"JucePlugin_AAXProductId=JucePlugin_PluginCode",
					"JucePlugin_AAXCategory=0",
					"JucePlugin_AAXDisableBypass=0",
					"JucePlugin_AAXDisableMultiMono=0",
					"JucePlugin_IAAType=0x61757278",
					"JucePlugin_IAASubType=JucePlugin_PluginCode",
					"JucePlugin_IAAName=\\\"Spenser\\ Saling:\\ Brainium\\ Audio\\ Programming\\ Pt.\\ 2\\\"",
					"JucePlugin_VSTNumMidiInputs=16",
					"JucePlugin_VSTNumMidiOutputs=16",
					"JUCE_STANDALONE_APPLICATION=JucePlugin_Build_Standalone",
					"JUCER_XCODE_MAC_F6D2F4CF=1",
					"JUCE_APP_VERSION=1.0.0",
					"JUCE_APP_VERSION_HEX=0x10000",
				);
				GCC_VERSION = com.apple.compilers.llvm.clang.1_0;
				HEADER_SEARCH_PATHS = (
					"$(HOME)/JUCE/modules/juce_audio_processors/format_types/VST3_SDK",
					"$(SRCROOT)/../../JuceLibraryCode",
					"$(HOME)/JUCE/modules",
					"$(HOME)/JUCE/modules/juce_audio_plugin_client",
					"$(inherited)",
				);
				INFOPLIST_FILE = Info-Standalone_Plugin.plist;
				INFOPLIST_PREPROCESS = NO;
				MACOSX_DEPLOYMENT_TARGET = 10.11;
				MTL_HEADER_SEARCH_PATHS = "$(HOME)/JUCE/modules/juce_audio_processors/format_types/VST3_SDK $(SRCROOT)/../../JuceLibraryCode $(HOME)/JUCE/modules $(HOME)/JUCE/modules/juce_audio_plugin_client";
				OTHER_LDFLAGS = "-lNewProject";
				PRODUCT_BUNDLE_IDENTIFIER = com.SpenserSaling.BrainiumAudioProgrammingPt_2;
				PRODUCT_NAME = "NewProject";
				USE_HEADERMAP = NO;
				VALID_ARCHS = "i386 x86_64 arm64 arm64e";
			};
			name = Debug;
		};
		A2C45EAC6F7CC5FB0228D5F8 /* Debug */ = {
			isa = XCBuildConfiguration;
			buildSettings = {
				MACOSX_DEPLOYMENT_TARGET = 10.11;
				SDKROOT = macosx;
			};
			name = Debug;
		};
		D4E44ACEFCCA70493B5E7B55 /* Release */ = {
			isa = XCBuildConfiguration;
			buildSettings = {
				CLANG_CXX_LANGUAGE_STANDARD = "c++17";
				CLANG_CXX_LIBRARY = "libc++";
				CLANG_LINK_OBJC_RUNTIME = NO;
				CODE_SIGN_IDENTITY = "";
				COMBINE_HIDPI_IMAGES = YES;
				CONFIGURATION_BUILD_DIR = "$(PROJECT_DIR)/build/$(CONFIGURATION)";
				DEAD_CODE_STRIPPING = YES;
				DEPLOYMENT_LOCATION = YES;
				DSTROOT = /;
				GCC_GENERATE_DEBUGGING_SYMBOLS = NO;
				GCC_OPTIMIZATION_LEVEL = 3;
				GCC_PREPROCESSOR_DEFINITIONS = (
					"_NDEBUG=1",
					"NDEBUG=1",
					"JUCE_DISPLAY_SPLASH_SCREEN=1",
					"JUCE_USE_DARK_SPLASH_SCREEN=1",
					"JUCE_PROJUCER_VERSION=0x60102",
					"JUCE_MODULE_AVAILABLE_juce_audio_basics=1",
					"JUCE_MODULE_AVAILABLE_juce_audio_devices=1",
					"JUCE_MODULE_AVAILABLE_juce_audio_formats=1",
					"JUCE_MODULE_AVAILABLE_juce_audio_plugin_client=1",
					"JUCE_MODULE_AVAILABLE_juce_audio_processors=1",
					"JUCE_MODULE_AVAILABLE_juce_audio_utils=1",
					"JUCE_MODULE_AVAILABLE_juce_core=1",
					"JUCE_MODULE_AVAILABLE_juce_data_structures=1",
					"JUCE_MODULE_AVAILABLE_juce_events=1",
					"JUCE_MODULE_AVAILABLE_juce_graphics=1",
					"JUCE_MODULE_AVAILABLE_juce_gui_basics=1",
					"JUCE_MODULE_AVAILABLE_juce_gui_extra=1",
					"JUCE_GLOBAL_MODULE_SETTINGS_INCLUDED=1",
					"JUCE_VST3_CAN_REPLACE_VST2=0",
					"JUCE_STRICT_REFCOUNTEDPOINTER=1",
					"JucePlugin_Build_VST=0",
					"JucePlugin_Build_VST3=1",
					"JucePlugin_Build_AU=0",
					"JucePlugin_Build_AUv3=0",
					"JucePlugin_Build_RTAS=0",
					"JucePlugin_Build_AAX=0",
					"JucePlugin_Build_Standalone=0",
					"JucePlugin_Build_Unity=0",
					"JucePlugin_Enable_IAA=0",
					"JucePlugin_Name=\\\"Brainium\\ Audio\\ Programming\\ Pt.\\ 2\\\"",
					"JucePlugin_Desc=\\\"Brainium\\ Audio\\ Programming\\ Pt.\\ 2\\\"",
					"JucePlugin_Manufacturer=\\\"Spenser\\ Saling\\\"",
					"JucePlugin_ManufacturerWebsite=\\\"\\\"",
					"JucePlugin_ManufacturerEmail=\\\"\\\"",
					"JucePlugin_ManufacturerCode=0x4d616e75",
					"JucePlugin_PluginCode=0x546c366c",
					"JucePlugin_IsSynth=0",
					"JucePlugin_WantsMidiInput=0",
					"JucePlugin_ProducesMidiOutput=0",
					"JucePlugin_IsMidiEffect=0",
					"JucePlugin_EditorRequiresKeyboardFocus=0",
					"JucePlugin_Version=1.0.0",
					"JucePlugin_VersionCode=0x10000",
					"JucePlugin_VersionString=\\\"1.0.0\\\"",
					"JucePlugin_VSTUniqueID=JucePlugin_PluginCode",
					"JucePlugin_VSTCategory=kPlugCategEffect",
					"JucePlugin_Vst3Category=\\\"Fx\\\"",
					"JucePlugin_AUMainType='aufx'",
					"JucePlugin_AUSubType=JucePlugin_PluginCode",
					"JucePlugin_AUExportPrefix=BrainiumAudioProgrammingPt_2AU",
					"JucePlugin_AUExportPrefixQuoted=\\\"BrainiumAudioProgrammingPt_2AU\\\"",
					"JucePlugin_AUManufacturerCode=JucePlugin_ManufacturerCode",
					"JucePlugin_CFBundleIdentifier=com.SpenserSaling.BrainiumAudioProgrammingPt_2",
					"JucePlugin_RTASCategory=0",
					"JucePlugin_RTASManufacturerCode=JucePlugin_ManufacturerCode",
					"JucePlugin_RTASProductId=JucePlugin_PluginCode",
					"JucePlugin_RTASDisableBypass=0",
					"JucePlugin_RTASDisableMultiMono=0",
					"JucePlugin_AAXIdentifier=com.SpenserSaling.BrainiumAudioProgrammingPt_2",
					"JucePlugin_AAXManufacturerCode=JucePlugin_ManufacturerCode",
					"JucePlugin_AAXProductId=JucePlugin_PluginCode",
					"JucePlugin_AAXCategory=0",
					"JucePlugin_AAXDisableBypass=0",
					"JucePlugin_AAXDisableMultiMono=0",
					"JucePlugin_IAAType=0x61757278",
					"JucePlugin_IAASubType=JucePlugin_PluginCode",
					"JucePlugin_IAAName=\\\"Spenser\\ Saling:\\ Brainium\\ Audio\\ Programming\\ Pt.\\ 2\\\"",
					"JucePlugin_VSTNumMidiInputs=16",
					"JucePlugin_VSTNumMidiOutputs=16",
					"JUCE_STANDALONE_APPLICATION=JucePlugin_Build_Standalone",
					"JUCER_XCODE_MAC_F6D2F4CF=1",
					"JUCE_APP_VERSION=1.0.0",
					"JUCE_APP_VERSION_HEX=0x10000",
				);
				GCC_VERSION = com.apple.compilers.llvm.clang.1_0;
				GENERATE_PKGINFO_FILE = YES;
				HEADER_SEARCH_PATHS = (
					"$(HOME)/JUCE/modules/juce_audio_processors/format_types/VST3_SDK",
					"$(SRCROOT)/../../JuceLibraryCode",
					"$(HOME)/JUCE/modules",
					"$(HOME)/JUCE/modules/juce_audio_plugin_client",
					"$(inherited)",
				);
				INFOPLIST_FILE = Info-VST3.plist;
				INFOPLIST_PREPROCESS = NO;
				INSTALL_PATH = "$(HOME)/Library/Audio/Plug-Ins/VST3/";
				LIBRARY_STYLE = Bundle;
				LLVM_LTO = YES;
				MACOSX_DEPLOYMENT_TARGET = 10.11;
				MTL_HEADER_SEARCH_PATHS = "$(HOME)/JUCE/modules/juce_audio_processors/format_types/VST3_SDK $(SRCROOT)/../../JuceLibraryCode $(HOME)/JUCE/modules $(HOME)/JUCE/modules/juce_audio_plugin_client";
				OTHER_LDFLAGS = "-bundle -lNewProject";
				PRODUCT_BUNDLE_IDENTIFIER = com.SpenserSaling.BrainiumAudioProgrammingPt_2;
				PRODUCT_NAME = "NewProject";
				USE_HEADERMAP = NO;
				VALID_ARCHS = "i386 x86_64 arm64 arm64e";
				WRAPPER_EXTENSION = vst3;
			};
			name = Release;
		};
		E043D78194FA3F62827A3898 /* Debug */ = {
			isa = XCBuildConfiguration;
			buildSettings = {
				CLANG_CXX_LANGUAGE_STANDARD = "c++17";
				CLANG_CXX_LIBRARY = "libc++";
				CLANG_LINK_OBJC_RUNTIME = NO;
				CODE_SIGN_IDENTITY = "";
				COMBINE_HIDPI_IMAGES = YES;
				CONFIGURATION_BUILD_DIR = "$(PROJECT_DIR)/build/$(CONFIGURATION)";
				COPY_PHASE_STRIP = NO;
				DEPLOYMENT_LOCATION = YES;
				DSTROOT = /;
				GCC_DYNAMIC_NO_PIC = NO;
				GCC_OPTIMIZATION_LEVEL = 0;
				GCC_PREPROCESSOR_DEFINITIONS = (
					"_DEBUG=1",
					"DEBUG=1",
					"JUCE_DISPLAY_SPLASH_SCREEN=1",
					"JUCE_USE_DARK_SPLASH_SCREEN=1",
					"JUCE_PROJUCER_VERSION=0x60102",
					"JUCE_MODULE_AVAILABLE_juce_audio_basics=1",
					"JUCE_MODULE_AVAILABLE_juce_audio_devices=1",
					"JUCE_MODULE_AVAILABLE_juce_audio_formats=1",
					"JUCE_MODULE_AVAILABLE_juce_audio_plugin_client=1",
					"JUCE_MODULE_AVAILABLE_juce_audio_processors=1",
					"JUCE_MODULE_AVAILABLE_juce_audio_utils=1",
					"JUCE_MODULE_AVAILABLE_juce_core=1",
					"JUCE_MODULE_AVAILABLE_juce_data_structures=1",
					"JUCE_MODULE_AVAILABLE_juce_events=1",
					"JUCE_MODULE_AVAILABLE_juce_graphics=1",
					"JUCE_MODULE_AVAILABLE_juce_gui_basics=1",
					"JUCE_MODULE_AVAILABLE_juce_gui_extra=1",
					"JUCE_GLOBAL_MODULE_SETTINGS_INCLUDED=1",
					"JUCE_VST3_CAN_REPLACE_VST2=0",
					"JUCE_STRICT_REFCOUNTEDPOINTER=1",
					"JucePlugin_Build_VST=0",
					"JucePlugin_Build_VST3=1",
					"JucePlugin_Build_AU=0",
					"JucePlugin_Build_AUv3=0",
					"JucePlugin_Build_RTAS=0",
					"JucePlugin_Build_AAX=0",
					"JucePlugin_Build_Standalone=0",
					"JucePlugin_Build_Unity=0",
					"JucePlugin_Enable_IAA=0",
					"JucePlugin_Name=\\\"Brainium\\ Audio\\ Programming\\ Pt.\\ 2\\\"",
					"JucePlugin_Desc=\\\"Brainium\\ Audio\\ Programming\\ Pt.\\ 2\\\"",
					"JucePlugin_Manufacturer=\\\"Spenser\\ Saling\\\"",
					"JucePlugin_ManufacturerWebsite=\\\"\\\"",
					"JucePlugin_ManufacturerEmail=\\\"\\\"",
					"JucePlugin_ManufacturerCode=0x4d616e75",
					"JucePlugin_PluginCode=0x546c366c",
					"JucePlugin_IsSynth=0",
					"JucePlugin_WantsMidiInput=0",
					"JucePlugin_ProducesMidiOutput=0",
					"JucePlugin_IsMidiEffect=0",
					"JucePlugin_EditorRequiresKeyboardFocus=0",
					"JucePlugin_Version=1.0.0",
					"JucePlugin_VersionCode=0x10000",
					"JucePlugin_VersionString=\\\"1.0.0\\\"",
					"JucePlugin_VSTUniqueID=JucePlugin_PluginCode",
					"JucePlugin_VSTCategory=kPlugCategEffect",
					"JucePlugin_Vst3Category=\\\"Fx\\\"",
					"JucePlugin_AUMainType='aufx'",
					"JucePlugin_AUSubType=JucePlugin_PluginCode",
					"JucePlugin_AUExportPrefix=BrainiumAudioProgrammingPt_2AU",
					"JucePlugin_AUExportPrefixQuoted=\\\"BrainiumAudioProgrammingPt_2AU\\\"",
					"JucePlugin_AUManufacturerCode=JucePlugin_ManufacturerCode",
					"JucePlugin_CFBundleIdentifier=com.SpenserSaling.BrainiumAudioProgrammingPt_2",
					"JucePlugin_RTASCategory=0",
					"JucePlugin_RTASManufacturerCode=JucePlugin_ManufacturerCode",
					"JucePlugin_RTASProductId=JucePlugin_PluginCode",
					"JucePlugin_RTASDisableBypass=0",
					"JucePlugin_RTASDisableMultiMono=0",
					"JucePlugin_AAXIdentifier=com.SpenserSaling.BrainiumAudioProgrammingPt_2",
					"JucePlugin_AAXManufacturerCode=JucePlugin_ManufacturerCode",
					"JucePlugin_AAXProductId=JucePlugin_PluginCode",
					"JucePlugin_AAXCategory=0",
					"JucePlugin_AAXDisableBypass=0",
					"JucePlugin_AAXDisableMultiMono=0",
					"JucePlugin_IAAType=0x61757278",
					"JucePlugin_IAASubType=JucePlugin_PluginCode",
					"JucePlugin_IAAName=\\\"Spenser\\ Saling:\\ Brainium\\ Audio\\ Programming\\ Pt.\\ 2\\\"",
					"JucePlugin_VSTNumMidiInputs=16",
					"JucePlugin_VSTNumMidiOutputs=16",
					"JUCE_STANDALONE_APPLICATION=JucePlugin_Build_Standalone",
					"JUCER_XCODE_MAC_F6D2F4CF=1",
					"JUCE_APP_VERSION=1.0.0",
					"JUCE_APP_VERSION_HEX=0x10000",
				);
				GCC_VERSION = com.apple.compilers.llvm.clang.1_0;
				GENERATE_PKGINFO_FILE = YES;
				HEADER_SEARCH_PATHS = (
					"$(HOME)/JUCE/modules/juce_audio_processors/format_types/VST3_SDK",
					"$(SRCROOT)/../../JuceLibraryCode",
					"$(HOME)/JUCE/modules",
					"$(HOME)/JUCE/modules/juce_audio_plugin_client",
					"$(inherited)",
				);
				INFOPLIST_FILE = Info-VST3.plist;
				INFOPLIST_PREPROCESS = NO;
				INSTALL_PATH = "$(HOME)/Library/Audio/Plug-Ins/VST3/";
				LIBRARY_STYLE = Bundle;
				MACOSX_DEPLOYMENT_TARGET = 10.11;
				MTL_HEADER_SEARCH_PATHS = "$(HOME)/JUCE/modules/juce_audio_processors/format_types/VST3_SDK $(SRCROOT)/../../JuceLibraryCode $(HOME)/JUCE/modules $(HOME)/JUCE/modules/juce_audio_plugin_client";
				OTHER_LDFLAGS = "-bundle -lNewProject";
				PRODUCT_BUNDLE_IDENTIFIER = com.SpenserSaling.BrainiumAudioProgrammingPt_2;
				PRODUCT_NAME = "NewProject";
				USE_HEADERMAP = NO;
				VALID_ARCHS = "i386 x86_64 arm64 arm64e";
				WRAPPER_EXTENSION = vst3;
			};
			name = Debug;
		};
		F6EAC7B4EF893B363FCB7AD8 /* Release */ = {
			isa = XCBuildConfiguration;
			buildSettings = {
				CLANG_CXX_LANGUAGE_STANDARD = "c++17";
				CLANG_CXX_LIBRARY = "libc++";
				CLANG_LINK_OBJC_RUNTIME = NO;
				CODE_SIGN_IDENTITY = "";
				COMBINE_HIDPI_IMAGES = YES;
				CONFIGURATION_BUILD_DIR = "$(PROJECT_DIR)/build/$(CONFIGURATION)";
				DEAD_CODE_STRIPPING = YES;
				GCC_GENERATE_DEBUGGING_SYMBOLS = NO;
				GCC_OPTIMIZATION_LEVEL = 3;
				GCC_PREPROCESSOR_DEFINITIONS = (
					"_NDEBUG=1",
					"NDEBUG=1",
					"JUCE_DISPLAY_SPLASH_SCREEN=1",
					"JUCE_USE_DARK_SPLASH_SCREEN=1",
					"JUCE_PROJUCER_VERSION=0x60102",
					"JUCE_MODULE_AVAILABLE_juce_audio_basics=1",
					"JUCE_MODULE_AVAILABLE_juce_audio_devices=1",
					"JUCE_MODULE_AVAILABLE_juce_audio_formats=1",
					"JUCE_MODULE_AVAILABLE_juce_audio_plugin_client=1",
					"JUCE_MODULE_AVAILABLE_juce_audio_processors=1",
					"JUCE_MODULE_AVAILABLE_juce_audio_utils=1",
					"JUCE_MODULE_AVAILABLE_juce_core=1",
					"JUCE_MODULE_AVAILABLE_juce_data_structures=1",
					"JUCE_MODULE_AVAILABLE_juce_events=1",
					"JUCE_MODULE_AVAILABLE_juce_graphics=1",
					"JUCE_MODULE_AVAILABLE_juce_gui_basics=1",
					"JUCE_MODULE_AVAILABLE_juce_gui_extra=1",
					"JUCE_GLOBAL_MODULE_SETTINGS_INCLUDED=1",
					"JUCE_VST3_CAN_REPLACE_VST2=0",
					"JUCE_STRICT_REFCOUNTEDPOINTER=1",
					"JucePlugin_Build_VST=0",
					"JucePlugin_Build_VST3=1",
					"JucePlugin_Build_AU=1",
					"JucePlugin_Build_AUv3=0",
					"JucePlugin_Build_RTAS=0",
					"JucePlugin_Build_AAX=0",
					"JucePlugin_Build_Standalone=1",
					"JucePlugin_Build_Unity=0",
					"JucePlugin_Enable_IAA=0",
					"JucePlugin_Name=\\\"Brainium\\ Audio\\ Programming\\ Pt.\\ 2\\\"",
					"JucePlugin_Desc=\\\"Brainium\\ Audio\\ Programming\\ Pt.\\ 2\\\"",
					"JucePlugin_Manufacturer=\\\"Spenser\\ Saling\\\"",
					"JucePlugin_ManufacturerWebsite=\\\"\\\"",
					"JucePlugin_ManufacturerEmail=\\\"\\\"",
					"JucePlugin_ManufacturerCode=0x4d616e75",
					"JucePlugin_PluginCode=0x546c366c",
					"JucePlugin_IsSynth=0",
					"JucePlugin_WantsMidiInput=0",
					"JucePlugin_ProducesMidiOutput=0",
					"JucePlugin_IsMidiEffect=0",
					"JucePlugin_EditorRequiresKeyboardFocus=0",
					"JucePlugin_Version=1.0.0",
					"JucePlugin_VersionCode=0x10000",
					"JucePlugin_VersionString=\\\"1.0.0\\\"",
					"JucePlugin_VSTUniqueID=JucePlugin_PluginCode",
					"JucePlugin_VSTCategory=kPlugCategEffect",
					"JucePlugin_Vst3Category=\\\"Fx\\\"",
					"JucePlugin_AUMainType='aufx'",
					"JucePlugin_AUSubType=JucePlugin_PluginCode",
					"JucePlugin_AUExportPrefix=BrainiumAudioProgrammingPt_2AU",
					"JucePlugin_AUExportPrefixQuoted=\\\"BrainiumAudioProgrammingPt_2AU\\\"",
					"JucePlugin_AUManufacturerCode=JucePlugin_ManufacturerCode",
					"JucePlugin_CFBundleIdentifier=com.SpenserSaling.BrainiumAudioProgrammingPt_2",
					"JucePlugin_RTASCategory=0",
					"JucePlugin_RTASManufacturerCode=JucePlugin_ManufacturerCode",
					"JucePlugin_RTASProductId=JucePlugin_PluginCode",
					"JucePlugin_RTASDisableBypass=0",
					"JucePlugin_RTASDisableMultiMono=0",
					"JucePlugin_AAXIdentifier=com.SpenserSaling.BrainiumAudioProgrammingPt_2",
					"JucePlugin_AAXManufacturerCode=JucePlugin_ManufacturerCode",
					"JucePlugin_AAXProductId=JucePlugin_PluginCode",
					"JucePlugin_AAXCategory=0",
					"JucePlugin_AAXDisableBypass=0",
					"JucePlugin_AAXDisableMultiMono=0",
					"JucePlugin_IAAType=0x61757278",
					"JucePlugin_IAASubType=JucePlugin_PluginCode",
					"JucePlugin_IAAName=\\\"Spenser\\ Saling:\\ Brainium\\ Audio\\ Programming\\ Pt.\\ 2\\\"",
					"JucePlugin_VSTNumMidiInputs=16",
					"JucePlugin_VSTNumMidiOutputs=16",
					"JUCE_STANDALONE_APPLICATION=JucePlugin_Build_Standalone",
					"JUCER_XCODE_MAC_F6D2F4CF=1",
					"JUCE_APP_VERSION=1.0.0",
					"JUCE_APP_VERSION_HEX=0x10000",
					"JUCE_SHARED_CODE=1",
				);
				GCC_VERSION = com.apple.compilers.llvm.clang.1_0;
				HEADER_SEARCH_PATHS = (
					"$(HOME)/JUCE/modules/juce_audio_processors/format_types/VST3_SDK",
					"$(SRCROOT)/../../JuceLibraryCode",
					"$(HOME)/JUCE/modules",
					"$(HOME)/JUCE/modules/juce_audio_plugin_client",
					"$(inherited)",
				);
				INSTALL_PATH = "@executable_path/../Frameworks";
				LLVM_LTO = YES;
				MACOSX_DEPLOYMENT_TARGET = 10.11;
				MTL_HEADER_SEARCH_PATHS = "$(HOME)/JUCE/modules/juce_audio_processors/format_types/VST3_SDK $(SRCROOT)/../../JuceLibraryCode $(HOME)/JUCE/modules $(HOME)/JUCE/modules/juce_audio_plugin_client";
				PRODUCT_BUNDLE_IDENTIFIER = com.SpenserSaling.BrainiumAudioProgrammingPt_2;
				PRODUCT_NAME = "NewProject";
				SKIP_INSTALL = YES;
				USE_HEADERMAP = NO;
				VALID_ARCHS = "i386 x86_64 arm64 arm64e";
			};
			name = Release;
		};
		FE0B5564ED57853DC05B9208 /* Release */ = {
			isa = XCBuildConfiguration;
			buildSettings = {
				CLANG_CXX_LANGUAGE_STANDARD = "c++17";
				CLANG_CXX_LIBRARY = "libc++";
				CLANG_LINK_OBJC_RUNTIME = NO;
				CODE_SIGN_IDENTITY = "";
				COMBINE_HIDPI_IMAGES = YES;
				CONFIGURATION_BUILD_DIR = "$(PROJECT_DIR)/build/$(CONFIGURATION)";
				DEAD_CODE_STRIPPING = YES;
				DEPLOYMENT_LOCATION = YES;
				DSTROOT = /;
				GCC_GENERATE_DEBUGGING_SYMBOLS = NO;
				GCC_OPTIMIZATION_LEVEL = 3;
				GCC_PREPROCESSOR_DEFINITIONS = (
					"_NDEBUG=1",
					"NDEBUG=1",
					"JUCE_DISPLAY_SPLASH_SCREEN=1",
					"JUCE_USE_DARK_SPLASH_SCREEN=1",
					"JUCE_PROJUCER_VERSION=0x60102",
					"JUCE_MODULE_AVAILABLE_juce_audio_basics=1",
					"JUCE_MODULE_AVAILABLE_juce_audio_devices=1",
					"JUCE_MODULE_AVAILABLE_juce_audio_formats=1",
					"JUCE_MODULE_AVAILABLE_juce_audio_plugin_client=1",
					"JUCE_MODULE_AVAILABLE_juce_audio_processors=1",
					"JUCE_MODULE_AVAILABLE_juce_audio_utils=1",
					"JUCE_MODULE_AVAILABLE_juce_core=1",
					"JUCE_MODULE_AVAILABLE_juce_data_structures=1",
					"JUCE_MODULE_AVAILABLE_juce_events=1",
					"JUCE_MODULE_AVAILABLE_juce_graphics=1",
					"JUCE_MODULE_AVAILABLE_juce_gui_basics=1",
					"JUCE_MODULE_AVAILABLE_juce_gui_extra=1",
					"JUCE_GLOBAL_MODULE_SETTINGS_INCLUDED=1",
					"JUCE_VST3_CAN_REPLACE_VST2=0",
					"JUCE_STRICT_REFCOUNTEDPOINTER=1",
					"JucePlugin_Build_VST=0",
					"JucePlugin_Build_VST3=0",
					"JucePlugin_Build_AU=1",
					"JucePlugin_Build_AUv3=0",
					"JucePlugin_Build_RTAS=0",
					"JucePlugin_Build_AAX=0",
					"JucePlugin_Build_Standalone=0",
					"JucePlugin_Build_Unity=0",
					"JucePlugin_Enable_IAA=0",
					"JucePlugin_Name=\\\"Brainium\\ Audio\\ Programming\\ Pt.\\ 2\\\"",
					"JucePlugin_Desc=\\\"Brainium\\ Audio\\ Programming\\ Pt.\\ 2\\\"",
					"JucePlugin_Manufacturer=\\\"Spenser\\ Saling\\\"",
					"JucePlugin_ManufacturerWebsite=\\\"\\\"",
					"JucePlugin_ManufacturerEmail=\\\"\\\"",
					"JucePlugin_ManufacturerCode=0x4d616e75",
					"JucePlugin_PluginCode=0x546c366c",
					"JucePlugin_IsSynth=0",
					"JucePlugin_WantsMidiInput=0",
					"JucePlugin_ProducesMidiOutput=0",
					"JucePlugin_IsMidiEffect=0",
					"JucePlugin_EditorRequiresKeyboardFocus=0",
					"JucePlugin_Version=1.0.0",
					"JucePlugin_VersionCode=0x10000",
					"JucePlugin_VersionString=\\\"1.0.0\\\"",
					"JucePlugin_VSTUniqueID=JucePlugin_PluginCode",
					"JucePlugin_VSTCategory=kPlugCategEffect",
					"JucePlugin_Vst3Category=\\\"Fx\\\"",
					"JucePlugin_AUMainType='aufx'",
					"JucePlugin_AUSubType=JucePlugin_PluginCode",
					"JucePlugin_AUExportPrefix=BrainiumAudioProgrammingPt_2AU",
					"JucePlugin_AUExportPrefixQuoted=\\\"BrainiumAudioProgrammingPt_2AU\\\"",
					"JucePlugin_AUManufacturerCode=JucePlugin_ManufacturerCode",
					"JucePlugin_CFBundleIdentifier=com.SpenserSaling.BrainiumAudioProgrammingPt_2",
					"JucePlugin_RTASCategory=0",
					"JucePlugin_RTASManufacturerCode=JucePlugin_ManufacturerCode",
					"JucePlugin_RTASProductId=JucePlugin_PluginCode",
					"JucePlugin_RTASDisableBypass=0",
					"JucePlugin_RTASDisableMultiMono=0",
					"JucePlugin_AAXIdentifier=com.SpenserSaling.BrainiumAudioProgrammingPt_2",
					"JucePlugin_AAXManufacturerCode=JucePlugin_ManufacturerCode",
					"JucePlugin_AAXProductId=JucePlugin_PluginCode",
					"JucePlugin_AAXCategory=0",
					"JucePlugin_AAXDisableBypass=0",
					"JucePlugin_AAXDisableMultiMono=0",
					"JucePlugin_IAAType=0x61757278",
					"JucePlugin_IAASubType=JucePlugin_PluginCode",
					"JucePlugin_IAAName=\\\"Spenser\\ Saling:\\ Brainium\\ Audio\\ Programming\\ Pt.\\ 2\\\"",
					"JucePlugin_VSTNumMidiInputs=16",
					"JucePlugin_VSTNumMidiOutputs=16",
					"JUCE_STANDALONE_APPLICATION=JucePlugin_Build_Standalone",
					"JUCER_XCODE_MAC_F6D2F4CF=1",
					"JUCE_APP_VERSION=1.0.0",
					"JUCE_APP_VERSION_HEX=0x10000",
				);
				GCC_VERSION = com.apple.compilers.llvm.clang.1_0;
				GENERATE_PKGINFO_FILE = YES;
				HEADER_SEARCH_PATHS = (
					"$(HOME)/JUCE/modules/juce_audio_processors/format_types/VST3_SDK",
					"$(SRCROOT)/../../JuceLibraryCode",
					"$(HOME)/JUCE/modules",
					"$(HOME)/JUCE/modules/juce_audio_plugin_client",
					"$(inherited)",
				);
				INFOPLIST_FILE = Info-AU.plist;
				INFOPLIST_PREPROCESS = NO;
				INSTALL_PATH = "$(HOME)/Library/Audio/Plug-Ins/Components/";
				LIBRARY_STYLE = Bundle;
				LLVM_LTO = YES;
				MACOSX_DEPLOYMENT_TARGET = 10.11;
				MTL_HEADER_SEARCH_PATHS = "$(HOME)/JUCE/modules/juce_audio_processors/format_types/VST3_SDK $(SRCROOT)/../../JuceLibraryCode $(HOME)/JUCE/modules $(HOME)/JUCE/modules/juce_audio_plugin_client";
				OTHER_LDFLAGS = "-bundle -lNewProject";
				OTHER_REZFLAGS = "-d ppc_$ppc -d i386_$i386 -d ppc64_$ppc64 -d x86_64_$x86_64 -d arm64_$arm64 -I /System/Library/Frameworks/CoreServices.framework/Frameworks/CarbonCore.framework/Versions/A/Headers -I \"$(DEVELOPER_DIR)/Extras/CoreAudio/AudioUnits/AUPublic/AUBase\" -I \"$(DEVELOPER_DIR)/Platforms/MacOSX.platform/Developer/SDKs/MacOSX.sdk/System/Library/Frameworks/AudioUnit.framework/Headers\"";
				PRODUCT_BUNDLE_IDENTIFIER = com.SpenserSaling.BrainiumAudioProgrammingPt_2;
				PRODUCT_NAME = "NewProject";
				USE_HEADERMAP = NO;
				VALID_ARCHS = "i386 x86_64 arm64 arm64e";
				WRAPPER_EXTENSION = component;
			};
			name = Release;
		};
/* End XCBuildConfiguration section */

/* Begin XCConfigurationList section */
		34AB7FDF03C7FF42BD0D9EBB = {
			isa = XCConfigurationList;
			buildConfigurations = (
				9CB889A296E7E1E8F0A9CBA9,
				6ABC9921600D0242347178C8,
			);
			defaultConfigurationIsVisible = 0;
			defaultConfigurationName = Debug;
		};
		9373425D98DD9DB6566C961F = {
			isa = XCConfigurationList;
			buildConfigurations = (
				E043D78194FA3F62827A3898,
				D4E44ACEFCCA70493B5E7B55,
			);
			defaultConfigurationIsVisible = 0;
			defaultConfigurationName = Debug;
		};
		A9D463977F018F97E8EC123C = {
			isa = XCConfigurationList;
			buildConfigurations = (
				1987920F90509223517DAE0C,
				39CA4317F104389CC621797B,
			);
			defaultConfigurationIsVisible = 0;
			defaultConfigurationName = Debug;
		};
		B6AC9CF88C18C84E1E1CC998 = {
			isa = XCConfigurationList;
			buildConfigurations = (
				58ED6FEDF04C63FE4F57A456,
				F6EAC7B4EF893B363FCB7AD8,
			);
			defaultConfigurationIsVisible = 0;
			defaultConfigurationName = Debug;
		};
		BC46E41507321C6C1181731C = {
			isa = XCConfigurationList;
			buildConfigurations = (
				2848842A2D4B570F35CFD870,
				FE0B5564ED57853DC05B9208,
			);
			defaultConfigurationIsVisible = 0;
			defaultConfigurationName = Debug;
		};
		F788FB0902F0F64E3751EBB1 = {
			isa = XCConfigurationList;
			buildConfigurations = (
				A2C45EAC6F7CC5FB0228D5F8,
				322DE55DD353287B6817B156,
			);
			defaultConfigurationIsVisible = 0;
			defaultConfigurationName = Debug;
		};
/* End XCConfigurationList section */
	};
	rootObject = 8DC397B755B7466E4BA9AE24 /* Project object */;
}
